// !$*UTF8*$!
{
	archiveVersion = 1;
	classes = {
	};
	objectVersion = 50;
	objects = {

/* Begin PBXBuildFile section */
		FB1CC8CD2530CF1E003AA02E /* TabViewControllerTests.swift in Sources */ = {isa = PBXBuildFile; fileRef = FB1CC8CC2530CF1E003AA02E /* TabViewControllerTests.swift */; };
		FB1CC8D52530DA5A003AA02E /* TabItemsTableViewControllerTests.swift in Sources */ = {isa = PBXBuildFile; fileRef = FB1CC8D42530DA5A003AA02E /* TabItemsTableViewControllerTests.swift */; };
		FB1CC8DD2530F180003AA02E /* TabItemAddViewControllerTests.swift in Sources */ = {isa = PBXBuildFile; fileRef = FB1CC8DC2530F180003AA02E /* TabItemAddViewControllerTests.swift */; };
		FB1CC8E525310905003AA02E /* TabItemsUpdateViewControllerTests.swift in Sources */ = {isa = PBXBuildFile; fileRef = FB1CC8E425310905003AA02E /* TabItemsUpdateViewControllerTests.swift */; };
		FB1CC8F02531CA21003AA02E /* Location.swift in Sources */ = {isa = PBXBuildFile; fileRef = FB1CC8EF2531CA21003AA02E /* Location.swift */; };
		FB1CC8F62531CF59003AA02E /* CoreLocation.framework in Frameworks */ = {isa = PBXBuildFile; fileRef = FB1CC8F52531CF59003AA02E /* CoreLocation.framework */; };
		FB1CC9112531D1DA003AA02E /* Pub.swift in Sources */ = {isa = PBXBuildFile; fileRef = FB1CC9102531D1DA003AA02E /* Pub.swift */; };
		FB1CC9162531D217003AA02E /* Constants.swift in Sources */ = {isa = PBXBuildFile; fileRef = FB1CC9152531D217003AA02E /* Constants.swift */; };
		FB1CC91B2531D2AB003AA02E /* ListOfPubs.swift in Sources */ = {isa = PBXBuildFile; fileRef = FB1CC91A2531D2AB003AA02E /* ListOfPubs.swift */; };
		FB1CC92525332727003AA02E /* ReceiptViewController.swift in Sources */ = {isa = PBXBuildFile; fileRef = FB1CC92425332726003AA02E /* ReceiptViewController.swift */; };
		FB5A5CAE256443350091AE34 /* Int.swift in Sources */ = {isa = PBXBuildFile; fileRef = FB5A5CAD256443350091AE34 /* Int.swift */; };
		FB5A5CB32564581C0091AE34 /* Curry.swift in Sources */ = {isa = PBXBuildFile; fileRef = FB5A5CB22564581C0091AE34 /* Curry.swift */; };
		FB5A5CB8256474860091AE34 /* PubsRepository.swift in Sources */ = {isa = PBXBuildFile; fileRef = FB5A5CB7256474860091AE34 /* PubsRepository.swift */; };
		FB5A5CC0256478AD0091AE34 /* URLRequest.swift in Sources */ = {isa = PBXBuildFile; fileRef = FB5A5CBF256478AD0091AE34 /* URLRequest.swift */; };
		FB5A5CDF256571AB0091AE34 /* Connector.swift in Sources */ = {isa = PBXBuildFile; fileRef = FB5A5CDE256571AB0091AE34 /* Connector.swift */; };
		FB5A5CE4256574630091AE34 /* PubsRepositoryTest.swift in Sources */ = {isa = PBXBuildFile; fileRef = FB5A5CE3256574630091AE34 /* PubsRepositoryTest.swift */; };
		FB5A5CEF25659B990091AE34 /* TabRepositoryTest.swift in Sources */ = {isa = PBXBuildFile; fileRef = FB5A5CEE25659B990091AE34 /* TabRepositoryTest.swift */; };
		FB5A5CF425659BE60091AE34 /* MockConnector.swift in Sources */ = {isa = PBXBuildFile; fileRef = FB5A5CF325659BE60091AE34 /* MockConnector.swift */; };
		FB5A5D022566817C0091AE34 /* CurryTest.swift in Sources */ = {isa = PBXBuildFile; fileRef = FB5A5D012566817C0091AE34 /* CurryTest.swift */; };
		FB5A5D0A256810260091AE34 /* Date.swift in Sources */ = {isa = PBXBuildFile; fileRef = FB5A5D09256810260091AE34 /* Date.swift */; };
		FB5A5D0F256810700091AE34 /* ReceiptItem.swift in Sources */ = {isa = PBXBuildFile; fileRef = FB5A5D0E256810700091AE34 /* ReceiptItem.swift */; };
		FB5CB9FC259CF7ED00F77A7F /* TabItem2TableViewCell.swift in Sources */ = {isa = PBXBuildFile; fileRef = FB5CB9FB259CF7ED00F77A7F /* TabItem2TableViewCell.swift */; };
		FB65202825642848009C4384 /* TextField.swift in Sources */ = {isa = PBXBuildFile; fileRef = FB65202725642848009C4384 /* TextField.swift */; };
		FB68F44F26E903BA00ADCE27 /* RandomKey.swift in Sources */ = {isa = PBXBuildFile; fileRef = FB68F44E26E903BA00ADCE27 /* RandomKey.swift */; };
		FB68F45126E938BA00ADCE27 /* Bill.swift in Sources */ = {isa = PBXBuildFile; fileRef = FB68F45026E938BA00ADCE27 /* Bill.swift */; };
		FB68F45326E94D8500ADCE27 /* ReceiptsViewControllerTest.swift in Sources */ = {isa = PBXBuildFile; fileRef = FB68F45226E94D8500ADCE27 /* ReceiptsViewControllerTest.swift */; };
		FB68F45526E9570200ADCE27 /* BillRepository.swift in Sources */ = {isa = PBXBuildFile; fileRef = FB68F45426E9570200ADCE27 /* BillRepository.swift */; };
		FB68F45726EA207300ADCE27 /* BillRepositoryTests.swift in Sources */ = {isa = PBXBuildFile; fileRef = FB68F45626EA207300ADCE27 /* BillRepositoryTests.swift */; };
		FB77879D2529FA900088410B /* AppDelegate.swift in Sources */ = {isa = PBXBuildFile; fileRef = FB77879C2529FA900088410B /* AppDelegate.swift */; };
		FB77879F2529FA900088410B /* SceneDelegate.swift in Sources */ = {isa = PBXBuildFile; fileRef = FB77879E2529FA900088410B /* SceneDelegate.swift */; };
		FB7787A42529FA900088410B /* Main.storyboard in Resources */ = {isa = PBXBuildFile; fileRef = FB7787A22529FA900088410B /* Main.storyboard */; };
		FB7787A62529FA900088410B /* Assets.xcassets in Resources */ = {isa = PBXBuildFile; fileRef = FB7787A52529FA900088410B /* Assets.xcassets */; };
		FB7787A92529FA900088410B /* LaunchScreen.storyboard in Resources */ = {isa = PBXBuildFile; fileRef = FB7787A72529FA900088410B /* LaunchScreen.storyboard */; };
		FB7787B42529FA910088410B /* ModelTests.swift in Sources */ = {isa = PBXBuildFile; fileRef = FB7787B32529FA910088410B /* ModelTests.swift */; };
		FB7787BF2529FA910088410B /* beertabUITests.swift in Sources */ = {isa = PBXBuildFile; fileRef = FB7787BE2529FA910088410B /* beertabUITests.swift */; };
		FB7787D62529FB2F0088410B /* Tab.swift in Sources */ = {isa = PBXBuildFile; fileRef = FB7787D52529FB2F0088410B /* Tab.swift */; };
		FB7787DF252A2BF90088410B /* History.swift in Sources */ = {isa = PBXBuildFile; fileRef = FB7787DE252A2BF90088410B /* History.swift */; };
		FB7787E4252A2C0A0088410B /* TabItem.swift in Sources */ = {isa = PBXBuildFile; fileRef = FB7787E3252A2C0A0088410B /* TabItem.swift */; };
		FB7787ED252A314E0088410B /* AbstractTableViewController.swift in Sources */ = {isa = PBXBuildFile; fileRef = FB7787EC252A314E0088410B /* AbstractTableViewController.swift */; };
		FB7787F2252A32320088410B /* AbstractViewController.swift in Sources */ = {isa = PBXBuildFile; fileRef = FB7787F1252A32320088410B /* AbstractViewController.swift */; };
		FB7787F7252A34990088410B /* HistoryTableViewController.swift in Sources */ = {isa = PBXBuildFile; fileRef = FB7787F6252A34990088410B /* HistoryTableViewController.swift */; };
		FB7787FF252A3F7E0088410B /* TabViewController.swift in Sources */ = {isa = PBXBuildFile; fileRef = FB7787FE252A3F7E0088410B /* TabViewController.swift */; };
		FB77880A252A43B40088410B /* TabItemsTableViewController.swift in Sources */ = {isa = PBXBuildFile; fileRef = FB778809252A43B40088410B /* TabItemsTableViewController.swift */; };
		FB778812252B949B0088410B /* TabItemAddViewController.swift in Sources */ = {isa = PBXBuildFile; fileRef = FB778811252B949B0088410B /* TabItemAddViewController.swift */; };
		FB77881A252BBFBC0088410B /* TabItemTableViewCell.swift in Sources */ = {isa = PBXBuildFile; fileRef = FB778819252BBFBC0088410B /* TabItemTableViewCell.swift */; };
		FB778822252CEB740088410B /* Tab2TableViewCell.swift in Sources */ = {isa = PBXBuildFile; fileRef = FB778821252CEB740088410B /* Tab2TableViewCell.swift */; };
		FB77882A252CEFFC0088410B /* Tab1TableViewCell.swift in Sources */ = {isa = PBXBuildFile; fileRef = FB778829252CEFFC0088410B /* Tab1TableViewCell.swift */; };
		FB778832252CF4120088410B /* UId.swift in Sources */ = {isa = PBXBuildFile; fileRef = FB778831252CF4120088410B /* UId.swift */; };
		FB778837252D0F520088410B /* HistoryRepository.swift in Sources */ = {isa = PBXBuildFile; fileRef = FB778836252D0F520088410B /* HistoryRepository.swift */; };
		FB77883F252DDBCE0088410B /* TabItemUpdateViewController.swift in Sources */ = {isa = PBXBuildFile; fileRef = FB77883E252DDBCE0088410B /* TabItemUpdateViewController.swift */; };
		FB77884D252F80540088410B /* TabTotalTableViewCell.swift in Sources */ = {isa = PBXBuildFile; fileRef = FB77884C252F80540088410B /* TabTotalTableViewCell.swift */; };
		FB778856252FA1040088410B /* HistoryTableViewControllerTests.swift in Sources */ = {isa = PBXBuildFile; fileRef = FB778855252FA1040088410B /* HistoryTableViewControllerTests.swift */; };
		FB88271C253F867300F10FB2 /* Icon-App-20x20@1x.png in Resources */ = {isa = PBXBuildFile; fileRef = FB88271A253F867300F10FB2 /* Icon-App-20x20@1x.png */; };
		FB88271D253F867300F10FB2 /* Icon-App-20x20@2x.png in Resources */ = {isa = PBXBuildFile; fileRef = FB88271B253F867300F10FB2 /* Icon-App-20x20@2x.png */; };
		FB882730253F868400F10FB2 /* Icon-App-20x20@3x.png in Resources */ = {isa = PBXBuildFile; fileRef = FB882721253F868300F10FB2 /* Icon-App-20x20@3x.png */; };
		FB882731253F868400F10FB2 /* Icon-App-29x29@1x.png in Resources */ = {isa = PBXBuildFile; fileRef = FB882722253F868300F10FB2 /* Icon-App-29x29@1x.png */; };
		FB882732253F868400F10FB2 /* iTunesArtwork@2x 2.png in Resources */ = {isa = PBXBuildFile; fileRef = FB882723253F868400F10FB2 /* iTunesArtwork@2x 2.png */; };
		FB882733253F868400F10FB2 /* Icon-App-76x76@2x.png in Resources */ = {isa = PBXBuildFile; fileRef = FB882724253F868400F10FB2 /* Icon-App-76x76@2x.png */; };
		FB882734253F868400F10FB2 /* ItunesArtwork@2x.png in Resources */ = {isa = PBXBuildFile; fileRef = FB882725253F868400F10FB2 /* ItunesArtwork@2x.png */; };
		FB882735253F868400F10FB2 /* Icon-App-29x29@2x.png in Resources */ = {isa = PBXBuildFile; fileRef = FB882726253F868400F10FB2 /* Icon-App-29x29@2x.png */; };
		FB882736253F868400F10FB2 /* iTunesArtwork@1x.png in Resources */ = {isa = PBXBuildFile; fileRef = FB882727253F868400F10FB2 /* iTunesArtwork@1x.png */; };
		FB882737253F868400F10FB2 /* Icon-App-40x40@3x.png in Resources */ = {isa = PBXBuildFile; fileRef = FB882728253F868400F10FB2 /* Icon-App-40x40@3x.png */; };
		FB882738253F868400F10FB2 /* Icon-App-60x60@3x.png in Resources */ = {isa = PBXBuildFile; fileRef = FB882729253F868400F10FB2 /* Icon-App-60x60@3x.png */; };
		FB882739253F868400F10FB2 /* Icon-App-76x76@1x.png in Resources */ = {isa = PBXBuildFile; fileRef = FB88272A253F868400F10FB2 /* Icon-App-76x76@1x.png */; };
		FB88273A253F868400F10FB2 /* Icon-App-83.5x83.5@2x.png in Resources */ = {isa = PBXBuildFile; fileRef = FB88272B253F868400F10FB2 /* Icon-App-83.5x83.5@2x.png */; };
		FB88273B253F868400F10FB2 /* Icon-App-40x40@2x.png in Resources */ = {isa = PBXBuildFile; fileRef = FB88272C253F868400F10FB2 /* Icon-App-40x40@2x.png */; };
		FB88273C253F868400F10FB2 /* Icon-App-29x29@3x.png in Resources */ = {isa = PBXBuildFile; fileRef = FB88272D253F868400F10FB2 /* Icon-App-29x29@3x.png */; };
		FB88273D253F868400F10FB2 /* Icon-App-40x40@1x.png in Resources */ = {isa = PBXBuildFile; fileRef = FB88272E253F868400F10FB2 /* Icon-App-40x40@1x.png */; };
		FB88273E253F868400F10FB2 /* Icon-App-60x60@2x.png in Resources */ = {isa = PBXBuildFile; fileRef = FB88272F253F868400F10FB2 /* Icon-App-60x60@2x.png */; };
		FB910C1E253630FF001DF227 /* TabRepository.swift in Sources */ = {isa = PBXBuildFile; fileRef = FB910C1D253630FF001DF227 /* TabRepository.swift */; };
		FB910C2425377652001DF227 /* drinking.png in Resources */ = {isa = PBXBuildFile; fileRef = FB910C2325377652001DF227 /* drinking.png */; };
		FB910C29253778DD001DF227 /* receipt.png in Resources */ = {isa = PBXBuildFile; fileRef = FB910C28253778DD001DF227 /* receipt.png */; };
		FB910C3625379192001DF227 /* edit.png in Resources */ = {isa = PBXBuildFile; fileRef = FB910C3525379192001DF227 /* edit.png */; };
		FB9E40E3254DCC2900B71384 /* ScopeFunctions.swift in Sources */ = {isa = PBXBuildFile; fileRef = FB9E40E2254DCC2900B71384 /* ScopeFunctions.swift */; };
		FB9E40EB254F35E800B71384 /* Array.swift in Sources */ = {isa = PBXBuildFile; fileRef = FB9E40EA254F35E800B71384 /* Array.swift */; };
		FBA9D60D253D9FB800D3A643 /* Currency.swift in Sources */ = {isa = PBXBuildFile; fileRef = FBA9D60C253D9FB800D3A643 /* Currency.swift */; };
		FBCF649225603B5E00336092 /* UserOptionsRepository.swift in Sources */ = {isa = PBXBuildFile; fileRef = FBCF649125603B5E00336092 /* UserOptionsRepository.swift */; };
		FBCF649725603D7000336092 /* UserOptionRepositoryTest.swift in Sources */ = {isa = PBXBuildFile; fileRef = FBCF649625603D7000336092 /* UserOptionRepositoryTest.swift */; };
		FBF1E4DC25459A96002FC4D2 /* editDark.png in Resources */ = {isa = PBXBuildFile; fileRef = FBF1E4D925459A95002FC4D2 /* editDark.png */; };
		FBF1E4DD25459A96002FC4D2 /* receiptDark.png in Resources */ = {isa = PBXBuildFile; fileRef = FBF1E4DA25459A95002FC4D2 /* receiptDark.png */; };
		FBF1E4DE25459A96002FC4D2 /* drinkingDark.png in Resources */ = {isa = PBXBuildFile; fileRef = FBF1E4DB25459A95002FC4D2 /* drinkingDark.png */; };
		FBF1E4E62545F66B002FC4D2 /* HistoryTotalTableViewCell.swift in Sources */ = {isa = PBXBuildFile; fileRef = FBF1E4E52545F66B002FC4D2 /* HistoryTotalTableViewCell.swift */; };
/* End PBXBuildFile section */

/* Begin PBXContainerItemProxy section */
		FB7787B02529FA900088410B /* PBXContainerItemProxy */ = {
			isa = PBXContainerItemProxy;
			containerPortal = FB7787912529FA900088410B /* Project object */;
			proxyType = 1;
			remoteGlobalIDString = FB7787982529FA900088410B;
			remoteInfo = beertab;
		};
		FB7787BB2529FA910088410B /* PBXContainerItemProxy */ = {
			isa = PBXContainerItemProxy;
			containerPortal = FB7787912529FA900088410B /* Project object */;
			proxyType = 1;
			remoteGlobalIDString = FB7787982529FA900088410B;
			remoteInfo = beertab;
		};
/* End PBXContainerItemProxy section */

/* Begin PBXFileReference section */
		FB1CC8CC2530CF1E003AA02E /* TabViewControllerTests.swift */ = {isa = PBXFileReference; lastKnownFileType = sourcecode.swift; path = TabViewControllerTests.swift; sourceTree = "<group>"; };
		FB1CC8D42530DA5A003AA02E /* TabItemsTableViewControllerTests.swift */ = {isa = PBXFileReference; lastKnownFileType = sourcecode.swift; path = TabItemsTableViewControllerTests.swift; sourceTree = "<group>"; };
		FB1CC8DC2530F180003AA02E /* TabItemAddViewControllerTests.swift */ = {isa = PBXFileReference; lastKnownFileType = sourcecode.swift; path = TabItemAddViewControllerTests.swift; sourceTree = "<group>"; };
		FB1CC8E425310905003AA02E /* TabItemsUpdateViewControllerTests.swift */ = {isa = PBXFileReference; lastKnownFileType = sourcecode.swift; path = TabItemsUpdateViewControllerTests.swift; sourceTree = "<group>"; };
		FB1CC8EF2531CA21003AA02E /* Location.swift */ = {isa = PBXFileReference; lastKnownFileType = sourcecode.swift; path = Location.swift; sourceTree = "<group>"; };
		FB1CC8F52531CF59003AA02E /* CoreLocation.framework */ = {isa = PBXFileReference; lastKnownFileType = wrapper.framework; name = CoreLocation.framework; path = System/Library/Frameworks/CoreLocation.framework; sourceTree = SDKROOT; };
		FB1CC9102531D1DA003AA02E /* Pub.swift */ = {isa = PBXFileReference; lastKnownFileType = sourcecode.swift; path = Pub.swift; sourceTree = "<group>"; };
		FB1CC9152531D217003AA02E /* Constants.swift */ = {isa = PBXFileReference; lastKnownFileType = sourcecode.swift; path = Constants.swift; sourceTree = "<group>"; };
		FB1CC91A2531D2AB003AA02E /* ListOfPubs.swift */ = {isa = PBXFileReference; lastKnownFileType = sourcecode.swift; path = ListOfPubs.swift; sourceTree = "<group>"; };
		FB1CC92425332726003AA02E /* ReceiptViewController.swift */ = {isa = PBXFileReference; lastKnownFileType = sourcecode.swift; path = ReceiptViewController.swift; sourceTree = "<group>"; };
		FB5A5CAD256443350091AE34 /* Int.swift */ = {isa = PBXFileReference; lastKnownFileType = sourcecode.swift; path = Int.swift; sourceTree = "<group>"; };
		FB5A5CB22564581C0091AE34 /* Curry.swift */ = {isa = PBXFileReference; lastKnownFileType = sourcecode.swift; path = Curry.swift; sourceTree = "<group>"; };
		FB5A5CB7256474860091AE34 /* PubsRepository.swift */ = {isa = PBXFileReference; lastKnownFileType = sourcecode.swift; path = PubsRepository.swift; sourceTree = "<group>"; };
		FB5A5CBF256478AD0091AE34 /* URLRequest.swift */ = {isa = PBXFileReference; lastKnownFileType = sourcecode.swift; path = URLRequest.swift; sourceTree = "<group>"; };
		FB5A5CDE256571AB0091AE34 /* Connector.swift */ = {isa = PBXFileReference; lastKnownFileType = sourcecode.swift; path = Connector.swift; sourceTree = "<group>"; };
		FB5A5CE3256574630091AE34 /* PubsRepositoryTest.swift */ = {isa = PBXFileReference; lastKnownFileType = sourcecode.swift; path = PubsRepositoryTest.swift; sourceTree = "<group>"; };
		FB5A5CEE25659B990091AE34 /* TabRepositoryTest.swift */ = {isa = PBXFileReference; lastKnownFileType = sourcecode.swift; path = TabRepositoryTest.swift; sourceTree = "<group>"; };
		FB5A5CF325659BE60091AE34 /* MockConnector.swift */ = {isa = PBXFileReference; lastKnownFileType = sourcecode.swift; path = MockConnector.swift; sourceTree = "<group>"; };
		FB5A5D012566817C0091AE34 /* CurryTest.swift */ = {isa = PBXFileReference; lastKnownFileType = sourcecode.swift; path = CurryTest.swift; sourceTree = "<group>"; };
		FB5A5D09256810260091AE34 /* Date.swift */ = {isa = PBXFileReference; lastKnownFileType = sourcecode.swift; path = Date.swift; sourceTree = "<group>"; };
		FB5A5D0E256810700091AE34 /* ReceiptItem.swift */ = {isa = PBXFileReference; lastKnownFileType = sourcecode.swift; path = ReceiptItem.swift; sourceTree = "<group>"; };
		FB5CB9FB259CF7ED00F77A7F /* TabItem2TableViewCell.swift */ = {isa = PBXFileReference; lastKnownFileType = sourcecode.swift; path = TabItem2TableViewCell.swift; sourceTree = "<group>"; };
		FB65202725642848009C4384 /* TextField.swift */ = {isa = PBXFileReference; lastKnownFileType = sourcecode.swift; path = TextField.swift; sourceTree = "<group>"; };
		FB68F44E26E903BA00ADCE27 /* RandomKey.swift */ = {isa = PBXFileReference; lastKnownFileType = sourcecode.swift; path = RandomKey.swift; sourceTree = "<group>"; };
		FB68F45026E938BA00ADCE27 /* Bill.swift */ = {isa = PBXFileReference; lastKnownFileType = sourcecode.swift; path = Bill.swift; sourceTree = "<group>"; };
		FB68F45226E94D8500ADCE27 /* ReceiptsViewControllerTest.swift */ = {isa = PBXFileReference; lastKnownFileType = sourcecode.swift; path = ReceiptsViewControllerTest.swift; sourceTree = "<group>"; };
		FB68F45426E9570200ADCE27 /* BillRepository.swift */ = {isa = PBXFileReference; lastKnownFileType = sourcecode.swift; path = BillRepository.swift; sourceTree = "<group>"; };
		FB68F45626EA207300ADCE27 /* BillRepositoryTests.swift */ = {isa = PBXFileReference; lastKnownFileType = sourcecode.swift; path = BillRepositoryTests.swift; sourceTree = "<group>"; };
		FB7787992529FA900088410B /* beertab.app */ = {isa = PBXFileReference; explicitFileType = wrapper.application; includeInIndex = 0; path = beertab.app; sourceTree = BUILT_PRODUCTS_DIR; };
		FB77879C2529FA900088410B /* AppDelegate.swift */ = {isa = PBXFileReference; lastKnownFileType = sourcecode.swift; path = AppDelegate.swift; sourceTree = "<group>"; };
		FB77879E2529FA900088410B /* SceneDelegate.swift */ = {isa = PBXFileReference; lastKnownFileType = sourcecode.swift; path = SceneDelegate.swift; sourceTree = "<group>"; };
		FB7787A32529FA900088410B /* Base */ = {isa = PBXFileReference; lastKnownFileType = file.storyboard; name = Base; path = Base.lproj/Main.storyboard; sourceTree = "<group>"; };
		FB7787A52529FA900088410B /* Assets.xcassets */ = {isa = PBXFileReference; lastKnownFileType = folder.assetcatalog; path = Assets.xcassets; sourceTree = "<group>"; };
		FB7787A82529FA900088410B /* Base */ = {isa = PBXFileReference; lastKnownFileType = file.storyboard; name = Base; path = Base.lproj/LaunchScreen.storyboard; sourceTree = "<group>"; };
		FB7787AA2529FA900088410B /* Info.plist */ = {isa = PBXFileReference; lastKnownFileType = text.plist.xml; path = Info.plist; sourceTree = "<group>"; };
		FB7787AF2529FA900088410B /* beertabTests.xctest */ = {isa = PBXFileReference; explicitFileType = wrapper.cfbundle; includeInIndex = 0; path = beertabTests.xctest; sourceTree = BUILT_PRODUCTS_DIR; };
		FB7787B32529FA910088410B /* ModelTests.swift */ = {isa = PBXFileReference; lastKnownFileType = sourcecode.swift; path = ModelTests.swift; sourceTree = "<group>"; };
		FB7787B52529FA910088410B /* Info.plist */ = {isa = PBXFileReference; lastKnownFileType = text.plist.xml; path = Info.plist; sourceTree = "<group>"; };
		FB7787BA2529FA910088410B /* beertabUITests.xctest */ = {isa = PBXFileReference; explicitFileType = wrapper.cfbundle; includeInIndex = 0; path = beertabUITests.xctest; sourceTree = BUILT_PRODUCTS_DIR; };
		FB7787BE2529FA910088410B /* beertabUITests.swift */ = {isa = PBXFileReference; lastKnownFileType = sourcecode.swift; path = beertabUITests.swift; sourceTree = "<group>"; };
		FB7787C02529FA910088410B /* Info.plist */ = {isa = PBXFileReference; lastKnownFileType = text.plist.xml; path = Info.plist; sourceTree = "<group>"; };
		FB7787D52529FB2F0088410B /* Tab.swift */ = {isa = PBXFileReference; lastKnownFileType = sourcecode.swift; path = Tab.swift; sourceTree = "<group>"; };
		FB7787DE252A2BF90088410B /* History.swift */ = {isa = PBXFileReference; lastKnownFileType = sourcecode.swift; path = History.swift; sourceTree = "<group>"; };
		FB7787E3252A2C0A0088410B /* TabItem.swift */ = {isa = PBXFileReference; lastKnownFileType = sourcecode.swift; path = TabItem.swift; sourceTree = "<group>"; };
		FB7787EC252A314E0088410B /* AbstractTableViewController.swift */ = {isa = PBXFileReference; lastKnownFileType = sourcecode.swift; path = AbstractTableViewController.swift; sourceTree = "<group>"; };
		FB7787F1252A32320088410B /* AbstractViewController.swift */ = {isa = PBXFileReference; lastKnownFileType = sourcecode.swift; path = AbstractViewController.swift; sourceTree = "<group>"; };
		FB7787F6252A34990088410B /* HistoryTableViewController.swift */ = {isa = PBXFileReference; lastKnownFileType = sourcecode.swift; path = HistoryTableViewController.swift; sourceTree = "<group>"; };
		FB7787FE252A3F7E0088410B /* TabViewController.swift */ = {isa = PBXFileReference; lastKnownFileType = sourcecode.swift; path = TabViewController.swift; sourceTree = "<group>"; };
		FB778809252A43B40088410B /* TabItemsTableViewController.swift */ = {isa = PBXFileReference; lastKnownFileType = sourcecode.swift; path = TabItemsTableViewController.swift; sourceTree = "<group>"; };
		FB778811252B949B0088410B /* TabItemAddViewController.swift */ = {isa = PBXFileReference; lastKnownFileType = sourcecode.swift; path = TabItemAddViewController.swift; sourceTree = "<group>"; };
		FB778819252BBFBC0088410B /* TabItemTableViewCell.swift */ = {isa = PBXFileReference; lastKnownFileType = sourcecode.swift; path = TabItemTableViewCell.swift; sourceTree = "<group>"; };
		FB778821252CEB740088410B /* Tab2TableViewCell.swift */ = {isa = PBXFileReference; lastKnownFileType = sourcecode.swift; path = Tab2TableViewCell.swift; sourceTree = "<group>"; };
		FB778829252CEFFC0088410B /* Tab1TableViewCell.swift */ = {isa = PBXFileReference; lastKnownFileType = sourcecode.swift; path = Tab1TableViewCell.swift; sourceTree = "<group>"; };
		FB778831252CF4120088410B /* UId.swift */ = {isa = PBXFileReference; lastKnownFileType = sourcecode.swift; path = UId.swift; sourceTree = "<group>"; };
		FB778836252D0F520088410B /* HistoryRepository.swift */ = {isa = PBXFileReference; lastKnownFileType = sourcecode.swift; path = HistoryRepository.swift; sourceTree = "<group>"; };
		FB77883E252DDBCE0088410B /* TabItemUpdateViewController.swift */ = {isa = PBXFileReference; lastKnownFileType = sourcecode.swift; path = TabItemUpdateViewController.swift; sourceTree = "<group>"; };
		FB77884C252F80540088410B /* TabTotalTableViewCell.swift */ = {isa = PBXFileReference; lastKnownFileType = sourcecode.swift; path = TabTotalTableViewCell.swift; sourceTree = "<group>"; };
		FB778855252FA1040088410B /* HistoryTableViewControllerTests.swift */ = {isa = PBXFileReference; lastKnownFileType = sourcecode.swift; path = HistoryTableViewControllerTests.swift; sourceTree = "<group>"; };
		FB88271A253F867300F10FB2 /* Icon-App-20x20@1x.png */ = {isa = PBXFileReference; lastKnownFileType = image.png; path = "Icon-App-20x20@1x.png"; sourceTree = "<group>"; };
		FB88271B253F867300F10FB2 /* Icon-App-20x20@2x.png */ = {isa = PBXFileReference; lastKnownFileType = image.png; path = "Icon-App-20x20@2x.png"; sourceTree = "<group>"; };
		FB882721253F868300F10FB2 /* Icon-App-20x20@3x.png */ = {isa = PBXFileReference; lastKnownFileType = image.png; path = "Icon-App-20x20@3x.png"; sourceTree = "<group>"; };
		FB882722253F868300F10FB2 /* Icon-App-29x29@1x.png */ = {isa = PBXFileReference; lastKnownFileType = image.png; path = "Icon-App-29x29@1x.png"; sourceTree = "<group>"; };
		FB882723253F868400F10FB2 /* iTunesArtwork@2x 2.png */ = {isa = PBXFileReference; lastKnownFileType = image.png; path = "iTunesArtwork@2x 2.png"; sourceTree = "<group>"; };
		FB882724253F868400F10FB2 /* Icon-App-76x76@2x.png */ = {isa = PBXFileReference; lastKnownFileType = image.png; path = "Icon-App-76x76@2x.png"; sourceTree = "<group>"; };
		FB882725253F868400F10FB2 /* ItunesArtwork@2x.png */ = {isa = PBXFileReference; lastKnownFileType = image.png; path = "ItunesArtwork@2x.png"; sourceTree = "<group>"; };
		FB882726253F868400F10FB2 /* Icon-App-29x29@2x.png */ = {isa = PBXFileReference; lastKnownFileType = image.png; path = "Icon-App-29x29@2x.png"; sourceTree = "<group>"; };
		FB882727253F868400F10FB2 /* iTunesArtwork@1x.png */ = {isa = PBXFileReference; lastKnownFileType = image.png; path = "iTunesArtwork@1x.png"; sourceTree = "<group>"; };
		FB882728253F868400F10FB2 /* Icon-App-40x40@3x.png */ = {isa = PBXFileReference; lastKnownFileType = image.png; path = "Icon-App-40x40@3x.png"; sourceTree = "<group>"; };
		FB882729253F868400F10FB2 /* Icon-App-60x60@3x.png */ = {isa = PBXFileReference; lastKnownFileType = image.png; path = "Icon-App-60x60@3x.png"; sourceTree = "<group>"; };
		FB88272A253F868400F10FB2 /* Icon-App-76x76@1x.png */ = {isa = PBXFileReference; lastKnownFileType = image.png; path = "Icon-App-76x76@1x.png"; sourceTree = "<group>"; };
		FB88272B253F868400F10FB2 /* Icon-App-83.5x83.5@2x.png */ = {isa = PBXFileReference; lastKnownFileType = image.png; path = "Icon-App-83.5x83.5@2x.png"; sourceTree = "<group>"; };
		FB88272C253F868400F10FB2 /* Icon-App-40x40@2x.png */ = {isa = PBXFileReference; lastKnownFileType = image.png; path = "Icon-App-40x40@2x.png"; sourceTree = "<group>"; };
		FB88272D253F868400F10FB2 /* Icon-App-29x29@3x.png */ = {isa = PBXFileReference; lastKnownFileType = image.png; path = "Icon-App-29x29@3x.png"; sourceTree = "<group>"; };
		FB88272E253F868400F10FB2 /* Icon-App-40x40@1x.png */ = {isa = PBXFileReference; lastKnownFileType = image.png; path = "Icon-App-40x40@1x.png"; sourceTree = "<group>"; };
		FB88272F253F868400F10FB2 /* Icon-App-60x60@2x.png */ = {isa = PBXFileReference; lastKnownFileType = image.png; path = "Icon-App-60x60@2x.png"; sourceTree = "<group>"; };
		FB910C1D253630FF001DF227 /* TabRepository.swift */ = {isa = PBXFileReference; lastKnownFileType = sourcecode.swift; path = TabRepository.swift; sourceTree = "<group>"; };
		FB910C2325377652001DF227 /* drinking.png */ = {isa = PBXFileReference; lastKnownFileType = image.png; path = drinking.png; sourceTree = "<group>"; };
		FB910C28253778DD001DF227 /* receipt.png */ = {isa = PBXFileReference; lastKnownFileType = image.png; path = receipt.png; sourceTree = "<group>"; };
		FB910C3525379192001DF227 /* edit.png */ = {isa = PBXFileReference; lastKnownFileType = image.png; path = edit.png; sourceTree = "<group>"; };
		FB9E40E2254DCC2900B71384 /* ScopeFunctions.swift */ = {isa = PBXFileReference; lastKnownFileType = sourcecode.swift; path = ScopeFunctions.swift; sourceTree = "<group>"; };
		FB9E40EA254F35E800B71384 /* Array.swift */ = {isa = PBXFileReference; lastKnownFileType = sourcecode.swift; path = Array.swift; sourceTree = "<group>"; };
		FBA9D60C253D9FB800D3A643 /* Currency.swift */ = {isa = PBXFileReference; lastKnownFileType = sourcecode.swift; path = Currency.swift; sourceTree = "<group>"; };
		FBCF649125603B5E00336092 /* UserOptionsRepository.swift */ = {isa = PBXFileReference; lastKnownFileType = sourcecode.swift; path = UserOptionsRepository.swift; sourceTree = "<group>"; };
		FBCF649625603D7000336092 /* UserOptionRepositoryTest.swift */ = {isa = PBXFileReference; lastKnownFileType = sourcecode.swift; path = UserOptionRepositoryTest.swift; sourceTree = "<group>"; };
		FBF1E4D925459A95002FC4D2 /* editDark.png */ = {isa = PBXFileReference; lastKnownFileType = image.png; path = editDark.png; sourceTree = "<group>"; };
		FBF1E4DA25459A95002FC4D2 /* receiptDark.png */ = {isa = PBXFileReference; lastKnownFileType = image.png; path = receiptDark.png; sourceTree = "<group>"; };
		FBF1E4DB25459A95002FC4D2 /* drinkingDark.png */ = {isa = PBXFileReference; lastKnownFileType = image.png; path = drinkingDark.png; sourceTree = "<group>"; };
		FBF1E4E52545F66B002FC4D2 /* HistoryTotalTableViewCell.swift */ = {isa = PBXFileReference; lastKnownFileType = sourcecode.swift; path = HistoryTotalTableViewCell.swift; sourceTree = "<group>"; };
/* End PBXFileReference section */

/* Begin PBXFrameworksBuildPhase section */
		FB7787962529FA900088410B /* Frameworks */ = {
			isa = PBXFrameworksBuildPhase;
			buildActionMask = 2147483647;
			files = (
				FB1CC8F62531CF59003AA02E /* CoreLocation.framework in Frameworks */,
			);
			runOnlyForDeploymentPostprocessing = 0;
		};
		FB7787AC2529FA900088410B /* Frameworks */ = {
			isa = PBXFrameworksBuildPhase;
			buildActionMask = 2147483647;
			files = (
			);
			runOnlyForDeploymentPostprocessing = 0;
		};
		FB7787B72529FA910088410B /* Frameworks */ = {
			isa = PBXFrameworksBuildPhase;
			buildActionMask = 2147483647;
			files = (
			);
			runOnlyForDeploymentPostprocessing = 0;
		};
/* End PBXFrameworksBuildPhase section */

/* Begin PBXGroup section */
		FB1CC8F42531CF58003AA02E /* Frameworks */ = {
			isa = PBXGroup;
			children = (
				FB1CC8F52531CF59003AA02E /* CoreLocation.framework */,
			);
			name = Frameworks;
			sourceTree = "<group>";
		};
		FB1CC90F2531D19E003AA02E /* PubInfo */ = {
			isa = PBXGroup;
			children = (
				FB1CC9102531D1DA003AA02E /* Pub.swift */,
				FB1CC91A2531D2AB003AA02E /* ListOfPubs.swift */,
			);
			path = PubInfo;
			sourceTree = "<group>";
		};
		FB5A5D132568109D0091AE34 /* Repositories */ = {
			isa = PBXGroup;
			children = (
				FB778836252D0F520088410B /* HistoryRepository.swift */,
				FBCF649125603B5E00336092 /* UserOptionsRepository.swift */,
				FB910C1D253630FF001DF227 /* TabRepository.swift */,
				FB5A5CB7256474860091AE34 /* PubsRepository.swift */,
				FB68F45426E9570200ADCE27 /* BillRepository.swift */,
			);
			path = Repositories;
			sourceTree = "<group>";
		};
		FB7787902529FA900088410B = {
			isa = PBXGroup;
			children = (
				FB77879B2529FA900088410B /* beertab */,
				FB7787B22529FA910088410B /* beertabTests */,
				FB7787BD2529FA910088410B /* beertabUITests */,
				FB77879A2529FA900088410B /* Products */,
				FB1CC8F42531CF58003AA02E /* Frameworks */,
			);
			sourceTree = "<group>";
		};
		FB77879A2529FA900088410B /* Products */ = {
			isa = PBXGroup;
			children = (
				FB7787992529FA900088410B /* beertab.app */,
				FB7787AF2529FA900088410B /* beertabTests.xctest */,
				FB7787BA2529FA910088410B /* beertabUITests.xctest */,
			);
			name = Products;
			sourceTree = "<group>";
		};
		FB77879B2529FA900088410B /* beertab */ = {
			isa = PBXGroup;
			children = (
				FB882745253F878600F10FB2 /* appicons */,
				FB910C3525379192001DF227 /* edit.png */,
				FBF1E4D925459A95002FC4D2 /* editDark.png */,
				FB910C28253778DD001DF227 /* receipt.png */,
				FBF1E4DA25459A95002FC4D2 /* receiptDark.png */,
				FB910C2325377652001DF227 /* drinking.png */,
				FBF1E4DB25459A95002FC4D2 /* drinkingDark.png */,
				FB77879C2529FA900088410B /* AppDelegate.swift */,
				FB7787EC252A314E0088410B /* AbstractTableViewController.swift */,
				FB7787F1252A32320088410B /* AbstractViewController.swift */,
				FB77879E2529FA900088410B /* SceneDelegate.swift */,
				FB7787A52529FA900088410B /* Assets.xcassets */,
				FB7787A72529FA900088410B /* LaunchScreen.storyboard */,
				FB7787AA2529FA900088410B /* Info.plist */,
				FB7787F6252A34990088410B /* HistoryTableViewController.swift */,
				FBF1E4E52545F66B002FC4D2 /* HistoryTotalTableViewCell.swift */,
				FB778821252CEB740088410B /* Tab2TableViewCell.swift */,
				FB778829252CEFFC0088410B /* Tab1TableViewCell.swift */,
				FB7787FE252A3F7E0088410B /* TabViewController.swift */,
				FB778809252A43B40088410B /* TabItemsTableViewController.swift */,
				FB778819252BBFBC0088410B /* TabItemTableViewCell.swift */,
				FB5CB9FB259CF7ED00F77A7F /* TabItem2TableViewCell.swift */,
				FB778811252B949B0088410B /* TabItemAddViewController.swift */,
				FB77883E252DDBCE0088410B /* TabItemUpdateViewController.swift */,
				FB77884C252F80540088410B /* TabTotalTableViewCell.swift */,
				FB1CC92425332726003AA02E /* ReceiptViewController.swift */,
				FB7787A22529FA900088410B /* Main.storyboard */,
				FB778831252CF4120088410B /* UId.swift */,
				FB1CC9152531D217003AA02E /* Constants.swift */,
				FB778854252FA0C50088410B /* Model */,
				FB5A5D132568109D0091AE34 /* Repositories */,
				FB9E40E1254DCBD200B71384 /* Extensions */,
				FBA9D611253F2E7600D3A643 /* Utlity */,
			);
			path = beertab;
			sourceTree = "<group>";
		};
		FB7787B22529FA910088410B /* beertabTests */ = {
			isa = PBXGroup;
			children = (
				FB7787B32529FA910088410B /* ModelTests.swift */,
				FB778855252FA1040088410B /* HistoryTableViewControllerTests.swift */,
				FB1CC8CC2530CF1E003AA02E /* TabViewControllerTests.swift */,
				FB1CC8D42530DA5A003AA02E /* TabItemsTableViewControllerTests.swift */,
				FB1CC8DC2530F180003AA02E /* TabItemAddViewControllerTests.swift */,
				FB1CC8E425310905003AA02E /* TabItemsUpdateViewControllerTests.swift */,
				FB68F45226E94D8500ADCE27 /* ReceiptsViewControllerTest.swift */,
				FBCF649625603D7000336092 /* UserOptionRepositoryTest.swift */,
				FB5A5CE3256574630091AE34 /* PubsRepositoryTest.swift */,
				FB5A5CEE25659B990091AE34 /* TabRepositoryTest.swift */,
				FB68F45626EA207300ADCE27 /* BillRepositoryTests.swift */,
				FB5A5CF325659BE60091AE34 /* MockConnector.swift */,
				FB5A5D012566817C0091AE34 /* CurryTest.swift */,
				FB7787B52529FA910088410B /* Info.plist */,
			);
			path = beertabTests;
			sourceTree = "<group>";
		};
		FB7787BD2529FA910088410B /* beertabUITests */ = {
			isa = PBXGroup;
			children = (
				FB7787BE2529FA910088410B /* beertabUITests.swift */,
				FB7787C02529FA910088410B /* Info.plist */,
			);
			path = beertabUITests;
			sourceTree = "<group>";
		};
		FB778854252FA0C50088410B /* Model */ = {
			isa = PBXGroup;
			children = (
				FB1CC90F2531D19E003AA02E /* PubInfo */,
				FB7787DE252A2BF90088410B /* History.swift */,
				FB7787D52529FB2F0088410B /* Tab.swift */,
				FB7787E3252A2C0A0088410B /* TabItem.swift */,
				FB5A5D0E256810700091AE34 /* ReceiptItem.swift */,
				FB1CC8EF2531CA21003AA02E /* Location.swift */,
				FB68F45026E938BA00ADCE27 /* Bill.swift */,
			);
			path = Model;
			sourceTree = "<group>";
		};
		FB882745253F878600F10FB2 /* appicons */ = {
			isa = PBXGroup;
			children = (
				FB882721253F868300F10FB2 /* Icon-App-20x20@3x.png */,
				FB882722253F868300F10FB2 /* Icon-App-29x29@1x.png */,
				FB882726253F868400F10FB2 /* Icon-App-29x29@2x.png */,
				FB88272D253F868400F10FB2 /* Icon-App-29x29@3x.png */,
				FB88272E253F868400F10FB2 /* Icon-App-40x40@1x.png */,
				FB88272C253F868400F10FB2 /* Icon-App-40x40@2x.png */,
				FB882728253F868400F10FB2 /* Icon-App-40x40@3x.png */,
				FB88272F253F868400F10FB2 /* Icon-App-60x60@2x.png */,
				FB882729253F868400F10FB2 /* Icon-App-60x60@3x.png */,
				FB88272A253F868400F10FB2 /* Icon-App-76x76@1x.png */,
				FB882724253F868400F10FB2 /* Icon-App-76x76@2x.png */,
				FB88272B253F868400F10FB2 /* Icon-App-83.5x83.5@2x.png */,
				FB882727253F868400F10FB2 /* iTunesArtwork@1x.png */,
				FB882723253F868400F10FB2 /* iTunesArtwork@2x 2.png */,
				FB882725253F868400F10FB2 /* ItunesArtwork@2x.png */,
				FB88271A253F867300F10FB2 /* Icon-App-20x20@1x.png */,
				FB88271B253F867300F10FB2 /* Icon-App-20x20@2x.png */,
			);
			path = appicons;
			sourceTree = "<group>";
		};
		FB9E40E1254DCBD200B71384 /* Extensions */ = {
			isa = PBXGroup;
			children = (
				FB9E40EA254F35E800B71384 /* Array.swift */,
				FB65202725642848009C4384 /* TextField.swift */,
				FB5A5CAD256443350091AE34 /* Int.swift */,
				FB5A5CBF256478AD0091AE34 /* URLRequest.swift */,
				FB5A5D09256810260091AE34 /* Date.swift */,
			);
			path = Extensions;
			sourceTree = "<group>";
		};
		FBA9D611253F2E7600D3A643 /* Utlity */ = {
			isa = PBXGroup;
			children = (
				FBA9D60C253D9FB800D3A643 /* Currency.swift */,
				FB9E40E2254DCC2900B71384 /* ScopeFunctions.swift */,
				FB5A5CB22564581C0091AE34 /* Curry.swift */,
				FB5A5CDE256571AB0091AE34 /* Connector.swift */,
				FB68F44E26E903BA00ADCE27 /* RandomKey.swift */,
			);
			path = Utlity;
			sourceTree = "<group>";
		};
/* End PBXGroup section */

/* Begin PBXNativeTarget section */
		FB7787982529FA900088410B /* beertab */ = {
			isa = PBXNativeTarget;
			buildConfigurationList = FB7787C32529FA910088410B /* Build configuration list for PBXNativeTarget "beertab" */;
			buildPhases = (
				FB7787952529FA900088410B /* Sources */,
				FB7787962529FA900088410B /* Frameworks */,
				FB7787972529FA900088410B /* Resources */,
			);
			buildRules = (
			);
			dependencies = (
			);
			name = beertab;
			productName = beertab;
			productReference = FB7787992529FA900088410B /* beertab.app */;
			productType = "com.apple.product-type.application";
		};
		FB7787AE2529FA900088410B /* beertabTests */ = {
			isa = PBXNativeTarget;
			buildConfigurationList = FB7787C62529FA910088410B /* Build configuration list for PBXNativeTarget "beertabTests" */;
			buildPhases = (
				FB7787AB2529FA900088410B /* Sources */,
				FB7787AC2529FA900088410B /* Frameworks */,
				FB7787AD2529FA900088410B /* Resources */,
			);
			buildRules = (
			);
			dependencies = (
				FB7787B12529FA900088410B /* PBXTargetDependency */,
			);
			name = beertabTests;
			productName = beertabTests;
			productReference = FB7787AF2529FA900088410B /* beertabTests.xctest */;
			productType = "com.apple.product-type.bundle.unit-test";
		};
		FB7787B92529FA910088410B /* beertabUITests */ = {
			isa = PBXNativeTarget;
			buildConfigurationList = FB7787C92529FA910088410B /* Build configuration list for PBXNativeTarget "beertabUITests" */;
			buildPhases = (
				FB7787B62529FA910088410B /* Sources */,
				FB7787B72529FA910088410B /* Frameworks */,
				FB7787B82529FA910088410B /* Resources */,
			);
			buildRules = (
			);
			dependencies = (
				FB7787BC2529FA910088410B /* PBXTargetDependency */,
			);
			name = beertabUITests;
			productName = beertabUITests;
			productReference = FB7787BA2529FA910088410B /* beertabUITests.xctest */;
			productType = "com.apple.product-type.bundle.ui-testing";
		};
/* End PBXNativeTarget section */

/* Begin PBXProject section */
		FB7787912529FA900088410B /* Project object */ = {
			isa = PBXProject;
			attributes = {
				LastSwiftUpdateCheck = 1200;
				LastUpgradeCheck = 1200;
				TargetAttributes = {
					FB7787982529FA900088410B = {
						CreatedOnToolsVersion = 12.0.1;
					};
					FB7787AE2529FA900088410B = {
						CreatedOnToolsVersion = 12.0.1;
						TestTargetID = FB7787982529FA900088410B;
					};
					FB7787B92529FA910088410B = {
						CreatedOnToolsVersion = 12.0.1;
						TestTargetID = FB7787982529FA900088410B;
					};
				};
			};
			buildConfigurationList = FB7787942529FA900088410B /* Build configuration list for PBXProject "beertab" */;
			compatibilityVersion = "Xcode 9.3";
			developmentRegion = en;
			hasScannedForEncodings = 0;
			knownRegions = (
				en,
				Base,
			);
			mainGroup = FB7787902529FA900088410B;
			productRefGroup = FB77879A2529FA900088410B /* Products */;
			projectDirPath = "";
			projectRoot = "";
			targets = (
				FB7787982529FA900088410B /* beertab */,
				FB7787AE2529FA900088410B /* beertabTests */,
				FB7787B92529FA910088410B /* beertabUITests */,
			);
		};
/* End PBXProject section */

/* Begin PBXResourcesBuildPhase section */
		FB7787972529FA900088410B /* Resources */ = {
			isa = PBXResourcesBuildPhase;
			buildActionMask = 2147483647;
			files = (
				FB7787A92529FA900088410B /* LaunchScreen.storyboard in Resources */,
				FB88271C253F867300F10FB2 /* Icon-App-20x20@1x.png in Resources */,
				FB882736253F868400F10FB2 /* iTunesArtwork@1x.png in Resources */,
				FB88273B253F868400F10FB2 /* Icon-App-40x40@2x.png in Resources */,
				FB882732253F868400F10FB2 /* iTunesArtwork@2x 2.png in Resources */,
				FB882730253F868400F10FB2 /* Icon-App-20x20@3x.png in Resources */,
				FB882735253F868400F10FB2 /* Icon-App-29x29@2x.png in Resources */,
				FBF1E4DC25459A96002FC4D2 /* editDark.png in Resources */,
				FB882734253F868400F10FB2 /* ItunesArtwork@2x.png in Resources */,
				FB910C29253778DD001DF227 /* receipt.png in Resources */,
				FB882738253F868400F10FB2 /* Icon-App-60x60@3x.png in Resources */,
				FB88273D253F868400F10FB2 /* Icon-App-40x40@1x.png in Resources */,
				FB910C2425377652001DF227 /* drinking.png in Resources */,
				FB882731253F868400F10FB2 /* Icon-App-29x29@1x.png in Resources */,
				FB882739253F868400F10FB2 /* Icon-App-76x76@1x.png in Resources */,
				FB88271D253F867300F10FB2 /* Icon-App-20x20@2x.png in Resources */,
				FB88273C253F868400F10FB2 /* Icon-App-29x29@3x.png in Resources */,
				FB88273A253F868400F10FB2 /* Icon-App-83.5x83.5@2x.png in Resources */,
				FBF1E4DD25459A96002FC4D2 /* receiptDark.png in Resources */,
				FB88273E253F868400F10FB2 /* Icon-App-60x60@2x.png in Resources */,
				FB7787A62529FA900088410B /* Assets.xcassets in Resources */,
				FB882737253F868400F10FB2 /* Icon-App-40x40@3x.png in Resources */,
				FB7787A42529FA900088410B /* Main.storyboard in Resources */,
				FB882733253F868400F10FB2 /* Icon-App-76x76@2x.png in Resources */,
				FB910C3625379192001DF227 /* edit.png in Resources */,
				FBF1E4DE25459A96002FC4D2 /* drinkingDark.png in Resources */,
			);
			runOnlyForDeploymentPostprocessing = 0;
		};
		FB7787AD2529FA900088410B /* Resources */ = {
			isa = PBXResourcesBuildPhase;
			buildActionMask = 2147483647;
			files = (
			);
			runOnlyForDeploymentPostprocessing = 0;
		};
		FB7787B82529FA910088410B /* Resources */ = {
			isa = PBXResourcesBuildPhase;
			buildActionMask = 2147483647;
			files = (
			);
			runOnlyForDeploymentPostprocessing = 0;
		};
/* End PBXResourcesBuildPhase section */

/* Begin PBXSourcesBuildPhase section */
		FB7787952529FA900088410B /* Sources */ = {
			isa = PBXSourcesBuildPhase;
			buildActionMask = 2147483647;
			files = (
				FB1CC9162531D217003AA02E /* Constants.swift in Sources */,
				FB9E40E3254DCC2900B71384 /* ScopeFunctions.swift in Sources */,
				FB65202825642848009C4384 /* TextField.swift in Sources */,
				FB77879D2529FA900088410B /* AppDelegate.swift in Sources */,
				FB7787F2252A32320088410B /* AbstractViewController.swift in Sources */,
				FB778837252D0F520088410B /* HistoryRepository.swift in Sources */,
				FB9E40EB254F35E800B71384 /* Array.swift in Sources */,
				FB5A5D0A256810260091AE34 /* Date.swift in Sources */,
				FBCF649225603B5E00336092 /* UserOptionsRepository.swift in Sources */,
				FB1CC9112531D1DA003AA02E /* Pub.swift in Sources */,
				FBA9D60D253D9FB800D3A643 /* Currency.swift in Sources */,
				FB778812252B949B0088410B /* TabItemAddViewController.swift in Sources */,
				FB7787ED252A314E0088410B /* AbstractTableViewController.swift in Sources */,
				FB910C1E253630FF001DF227 /* TabRepository.swift in Sources */,
				FB68F45526E9570200ADCE27 /* BillRepository.swift in Sources */,
				FB5A5CAE256443350091AE34 /* Int.swift in Sources */,
				FB7787E4252A2C0A0088410B /* TabItem.swift in Sources */,
				FB68F45126E938BA00ADCE27 /* Bill.swift in Sources */,
				FB778832252CF4120088410B /* UId.swift in Sources */,
				FB77883F252DDBCE0088410B /* TabItemUpdateViewController.swift in Sources */,
				FB7787F7252A34990088410B /* HistoryTableViewController.swift in Sources */,
				FB5CB9FC259CF7ED00F77A7F /* TabItem2TableViewCell.swift in Sources */,
				FB778822252CEB740088410B /* Tab2TableViewCell.swift in Sources */,
				FB5A5CC0256478AD0091AE34 /* URLRequest.swift in Sources */,
				FB77879F2529FA900088410B /* SceneDelegate.swift in Sources */,
				FB68F44F26E903BA00ADCE27 /* RandomKey.swift in Sources */,
				FB7787D62529FB2F0088410B /* Tab.swift in Sources */,
				FB5A5CB8256474860091AE34 /* PubsRepository.swift in Sources */,
				FB77884D252F80540088410B /* TabTotalTableViewCell.swift in Sources */,
				FBF1E4E62545F66B002FC4D2 /* HistoryTotalTableViewCell.swift in Sources */,
				FB77880A252A43B40088410B /* TabItemsTableViewController.swift in Sources */,
				FB1CC8F02531CA21003AA02E /* Location.swift in Sources */,
				FB7787FF252A3F7E0088410B /* TabViewController.swift in Sources */,
				FB77881A252BBFBC0088410B /* TabItemTableViewCell.swift in Sources */,
				FB77882A252CEFFC0088410B /* Tab1TableViewCell.swift in Sources */,
				FB1CC92525332727003AA02E /* ReceiptViewController.swift in Sources */,
				FB5A5D0F256810700091AE34 /* ReceiptItem.swift in Sources */,
				FB1CC91B2531D2AB003AA02E /* ListOfPubs.swift in Sources */,
				FB7787DF252A2BF90088410B /* History.swift in Sources */,
				FB5A5CDF256571AB0091AE34 /* Connector.swift in Sources */,
				FB5A5CB32564581C0091AE34 /* Curry.swift in Sources */,
			);
			runOnlyForDeploymentPostprocessing = 0;
		};
		FB7787AB2529FA900088410B /* Sources */ = {
			isa = PBXSourcesBuildPhase;
			buildActionMask = 2147483647;
			files = (
				FBCF649725603D7000336092 /* UserOptionRepositoryTest.swift in Sources */,
				FB68F45726EA207300ADCE27 /* BillRepositoryTests.swift in Sources */,
				FB1CC8E525310905003AA02E /* TabItemsUpdateViewControllerTests.swift in Sources */,
				FB1CC8D52530DA5A003AA02E /* TabItemsTableViewControllerTests.swift in Sources */,
				FB1CC8CD2530CF1E003AA02E /* TabViewControllerTests.swift in Sources */,
				FB778856252FA1040088410B /* HistoryTableViewControllerTests.swift in Sources */,
				FB5A5CF425659BE60091AE34 /* MockConnector.swift in Sources */,
				FB5A5CEF25659B990091AE34 /* TabRepositoryTest.swift in Sources */,
				FB5A5CE4256574630091AE34 /* PubsRepositoryTest.swift in Sources */,
				FB7787B42529FA910088410B /* ModelTests.swift in Sources */,
				FB1CC8DD2530F180003AA02E /* TabItemAddViewControllerTests.swift in Sources */,
				FB68F45326E94D8500ADCE27 /* ReceiptsViewControllerTest.swift in Sources */,
				FB5A5D022566817C0091AE34 /* CurryTest.swift in Sources */,
			);
			runOnlyForDeploymentPostprocessing = 0;
		};
		FB7787B62529FA910088410B /* Sources */ = {
			isa = PBXSourcesBuildPhase;
			buildActionMask = 2147483647;
			files = (
				FB7787BF2529FA910088410B /* beertabUITests.swift in Sources */,
			);
			runOnlyForDeploymentPostprocessing = 0;
		};
/* End PBXSourcesBuildPhase section */

/* Begin PBXTargetDependency section */
		FB7787B12529FA900088410B /* PBXTargetDependency */ = {
			isa = PBXTargetDependency;
			target = FB7787982529FA900088410B /* beertab */;
			targetProxy = FB7787B02529FA900088410B /* PBXContainerItemProxy */;
		};
		FB7787BC2529FA910088410B /* PBXTargetDependency */ = {
			isa = PBXTargetDependency;
			target = FB7787982529FA900088410B /* beertab */;
			targetProxy = FB7787BB2529FA910088410B /* PBXContainerItemProxy */;
		};
/* End PBXTargetDependency section */

/* Begin PBXVariantGroup section */
		FB7787A22529FA900088410B /* Main.storyboard */ = {
			isa = PBXVariantGroup;
			children = (
				FB7787A32529FA900088410B /* Base */,
			);
			name = Main.storyboard;
			sourceTree = "<group>";
		};
		FB7787A72529FA900088410B /* LaunchScreen.storyboard */ = {
			isa = PBXVariantGroup;
			children = (
				FB7787A82529FA900088410B /* Base */,
			);
			name = LaunchScreen.storyboard;
			sourceTree = "<group>";
		};
/* End PBXVariantGroup section */

/* Begin XCBuildConfiguration section */
		FB7787C12529FA910088410B /* Debug */ = {
			isa = XCBuildConfiguration;
			buildSettings = {
				ALWAYS_SEARCH_USER_PATHS = NO;
				CLANG_ANALYZER_NONNULL = YES;
				CLANG_ANALYZER_NUMBER_OBJECT_CONVERSION = YES_AGGRESSIVE;
				CLANG_CXX_LANGUAGE_STANDARD = "gnu++14";
				CLANG_CXX_LIBRARY = "libc++";
				CLANG_ENABLE_MODULES = YES;
				CLANG_ENABLE_OBJC_ARC = YES;
				CLANG_ENABLE_OBJC_WEAK = YES;
				CLANG_WARN_BLOCK_CAPTURE_AUTORELEASING = YES;
				CLANG_WARN_BOOL_CONVERSION = YES;
				CLANG_WARN_COMMA = YES;
				CLANG_WARN_CONSTANT_CONVERSION = YES;
				CLANG_WARN_DEPRECATED_OBJC_IMPLEMENTATIONS = YES;
				CLANG_WARN_DIRECT_OBJC_ISA_USAGE = YES_ERROR;
				CLANG_WARN_DOCUMENTATION_COMMENTS = YES;
				CLANG_WARN_EMPTY_BODY = YES;
				CLANG_WARN_ENUM_CONVERSION = YES;
				CLANG_WARN_INFINITE_RECURSION = YES;
				CLANG_WARN_INT_CONVERSION = YES;
				CLANG_WARN_NON_LITERAL_NULL_CONVERSION = YES;
				CLANG_WARN_OBJC_IMPLICIT_RETAIN_SELF = YES;
				CLANG_WARN_OBJC_LITERAL_CONVERSION = YES;
				CLANG_WARN_OBJC_ROOT_CLASS = YES_ERROR;
				CLANG_WARN_QUOTED_INCLUDE_IN_FRAMEWORK_HEADER = YES;
				CLANG_WARN_RANGE_LOOP_ANALYSIS = YES;
				CLANG_WARN_STRICT_PROTOTYPES = YES;
				CLANG_WARN_SUSPICIOUS_MOVE = YES;
				CLANG_WARN_UNGUARDED_AVAILABILITY = YES_AGGRESSIVE;
				CLANG_WARN_UNREACHABLE_CODE = YES;
				CLANG_WARN__DUPLICATE_METHOD_MATCH = YES;
				COPY_PHASE_STRIP = NO;
				DEBUG_INFORMATION_FORMAT = dwarf;
				ENABLE_STRICT_OBJC_MSGSEND = YES;
				ENABLE_TESTABILITY = YES;
				GCC_C_LANGUAGE_STANDARD = gnu11;
				GCC_DYNAMIC_NO_PIC = NO;
				GCC_NO_COMMON_BLOCKS = YES;
				GCC_OPTIMIZATION_LEVEL = 0;
				GCC_PREPROCESSOR_DEFINITIONS = (
					"DEBUG=1",
					"$(inherited)",
				);
				GCC_WARN_64_TO_32_BIT_CONVERSION = YES;
				GCC_WARN_ABOUT_RETURN_TYPE = YES_ERROR;
				GCC_WARN_UNDECLARED_SELECTOR = YES;
				GCC_WARN_UNINITIALIZED_AUTOS = YES_AGGRESSIVE;
				GCC_WARN_UNUSED_FUNCTION = YES;
				GCC_WARN_UNUSED_VARIABLE = YES;
				IPHONEOS_DEPLOYMENT_TARGET = 14.0;
				MTL_ENABLE_DEBUG_INFO = INCLUDE_SOURCE;
				MTL_FAST_MATH = YES;
				ONLY_ACTIVE_ARCH = YES;
				SDKROOT = iphoneos;
				SWIFT_ACTIVE_COMPILATION_CONDITIONS = DEBUG;
				SWIFT_OPTIMIZATION_LEVEL = "-Onone";
			};
			name = Debug;
		};
		FB7787C22529FA910088410B /* Release */ = {
			isa = XCBuildConfiguration;
			buildSettings = {
				ALWAYS_SEARCH_USER_PATHS = NO;
				CLANG_ANALYZER_NONNULL = YES;
				CLANG_ANALYZER_NUMBER_OBJECT_CONVERSION = YES_AGGRESSIVE;
				CLANG_CXX_LANGUAGE_STANDARD = "gnu++14";
				CLANG_CXX_LIBRARY = "libc++";
				CLANG_ENABLE_MODULES = YES;
				CLANG_ENABLE_OBJC_ARC = YES;
				CLANG_ENABLE_OBJC_WEAK = YES;
				CLANG_WARN_BLOCK_CAPTURE_AUTORELEASING = YES;
				CLANG_WARN_BOOL_CONVERSION = YES;
				CLANG_WARN_COMMA = YES;
				CLANG_WARN_CONSTANT_CONVERSION = YES;
				CLANG_WARN_DEPRECATED_OBJC_IMPLEMENTATIONS = YES;
				CLANG_WARN_DIRECT_OBJC_ISA_USAGE = YES_ERROR;
				CLANG_WARN_DOCUMENTATION_COMMENTS = YES;
				CLANG_WARN_EMPTY_BODY = YES;
				CLANG_WARN_ENUM_CONVERSION = YES;
				CLANG_WARN_INFINITE_RECURSION = YES;
				CLANG_WARN_INT_CONVERSION = YES;
				CLANG_WARN_NON_LITERAL_NULL_CONVERSION = YES;
				CLANG_WARN_OBJC_IMPLICIT_RETAIN_SELF = YES;
				CLANG_WARN_OBJC_LITERAL_CONVERSION = YES;
				CLANG_WARN_OBJC_ROOT_CLASS = YES_ERROR;
				CLANG_WARN_QUOTED_INCLUDE_IN_FRAMEWORK_HEADER = YES;
				CLANG_WARN_RANGE_LOOP_ANALYSIS = YES;
				CLANG_WARN_STRICT_PROTOTYPES = YES;
				CLANG_WARN_SUSPICIOUS_MOVE = YES;
				CLANG_WARN_UNGUARDED_AVAILABILITY = YES_AGGRESSIVE;
				CLANG_WARN_UNREACHABLE_CODE = YES;
				CLANG_WARN__DUPLICATE_METHOD_MATCH = YES;
				COPY_PHASE_STRIP = NO;
				DEBUG_INFORMATION_FORMAT = "dwarf-with-dsym";
				ENABLE_NS_ASSERTIONS = NO;
				ENABLE_STRICT_OBJC_MSGSEND = YES;
				GCC_C_LANGUAGE_STANDARD = gnu11;
				GCC_NO_COMMON_BLOCKS = YES;
				GCC_WARN_64_TO_32_BIT_CONVERSION = YES;
				GCC_WARN_ABOUT_RETURN_TYPE = YES_ERROR;
				GCC_WARN_UNDECLARED_SELECTOR = YES;
				GCC_WARN_UNINITIALIZED_AUTOS = YES_AGGRESSIVE;
				GCC_WARN_UNUSED_FUNCTION = YES;
				GCC_WARN_UNUSED_VARIABLE = YES;
				IPHONEOS_DEPLOYMENT_TARGET = 14.0;
				MTL_ENABLE_DEBUG_INFO = NO;
				MTL_FAST_MATH = YES;
				SDKROOT = iphoneos;
				SWIFT_COMPILATION_MODE = wholemodule;
				SWIFT_OPTIMIZATION_LEVEL = "-O";
				VALIDATE_PRODUCT = YES;
			};
			name = Release;
		};
		FB7787C42529FA910088410B /* Debug */ = {
			isa = XCBuildConfiguration;
			buildSettings = {
				ASSETCATALOG_COMPILER_APPICON_NAME = AppIcon;
				ASSETCATALOG_COMPILER_GLOBAL_ACCENT_COLOR_NAME = AccentColor;
				CODE_SIGN_STYLE = Automatic;
				CURRENT_PROJECT_VERSION = 1.12;
				DEVELOPMENT_TEAM = QK48V24G7M;
				INFOPLIST_FILE = beertab/Info.plist;
				IPHONEOS_DEPLOYMENT_TARGET = 13.0;
				LD_RUNPATH_SEARCH_PATHS = (
					"$(inherited)",
					"@executable_path/Frameworks",
				);
				MARKETING_VERSION = 1.12;
				PRODUCT_BUNDLE_IDENTIFIER = com.neilens.beertab;
				PRODUCT_NAME = "$(TARGET_NAME)";
				SWIFT_VERSION = 5.0;
				TARGETED_DEVICE_FAMILY = 1;
			};
			name = Debug;
		};
		FB7787C52529FA910088410B /* Release */ = {
			isa = XCBuildConfiguration;
			buildSettings = {
				ASSETCATALOG_COMPILER_APPICON_NAME = AppIcon;
				ASSETCATALOG_COMPILER_GLOBAL_ACCENT_COLOR_NAME = AccentColor;
				CODE_SIGN_STYLE = Automatic;
				CURRENT_PROJECT_VERSION = 1.12;
				DEVELOPMENT_TEAM = QK48V24G7M;
				INFOPLIST_FILE = beertab/Info.plist;
				IPHONEOS_DEPLOYMENT_TARGET = 13.0;
				LD_RUNPATH_SEARCH_PATHS = (
					"$(inherited)",
					"@executable_path/Frameworks",
				);
				MARKETING_VERSION = 1.12;
				PRODUCT_BUNDLE_IDENTIFIER = com.neilens.beertab;
				PRODUCT_NAME = "$(TARGET_NAME)";
				SWIFT_VERSION = 5.0;
				TARGETED_DEVICE_FAMILY = 1;
			};
			name = Release;
		};
		FB7787C72529FA910088410B /* Debug */ = {
			isa = XCBuildConfiguration;
			buildSettings = {
				ALWAYS_EMBED_SWIFT_STANDARD_LIBRARIES = YES;
				BUNDLE_LOADER = "$(TEST_HOST)";
				CODE_SIGN_STYLE = Automatic;
				DEVELOPMENT_TEAM = QK48V24G7M;
				INFOPLIST_FILE = beertabTests/Info.plist;
				IPHONEOS_DEPLOYMENT_TARGET = 14.0;
				LD_RUNPATH_SEARCH_PATHS = (
					"$(inherited)",
					"@executable_path/Frameworks",
					"@loader_path/Frameworks",
				);
				PRODUCT_BUNDLE_IDENTIFIER = com.neilens.beertabTests;
				PRODUCT_NAME = "$(TARGET_NAME)";
				SWIFT_VERSION = 5.0;
				TARGETED_DEVICE_FAMILY = "1,2";
				TEST_HOST = "$(BUILT_PRODUCTS_DIR)/beertab.app/beertab";
			};
			name = Debug;
		};
		FB7787C82529FA910088410B /* Release */ = {
			isa = XCBuildConfiguration;
			buildSettings = {
				ALWAYS_EMBED_SWIFT_STANDARD_LIBRARIES = YES;
				BUNDLE_LOADER = "$(TEST_HOST)";
				CODE_SIGN_STYLE = Automatic;
				DEVELOPMENT_TEAM = QK48V24G7M;
				INFOPLIST_FILE = beertabTests/Info.plist;
				IPHONEOS_DEPLOYMENT_TARGET = 14.0;
				LD_RUNPATH_SEARCH_PATHS = (
					"$(inherited)",
					"@executable_path/Frameworks",
					"@loader_path/Frameworks",
				);
				PRODUCT_BUNDLE_IDENTIFIER = com.neilens.beertabTests;
				PRODUCT_NAME = "$(TARGET_NAME)";
				SWIFT_VERSION = 5.0;
				TARGETED_DEVICE_FAMILY = "1,2";
				TEST_HOST = "$(BUILT_PRODUCTS_DIR)/beertab.app/beertab";
			};
			name = Release;
		};
		FB7787CA2529FA910088410B /* Debug */ = {
			isa = XCBuildConfiguration;
			buildSettings = {
				ALWAYS_EMBED_SWIFT_STANDARD_LIBRARIES = YES;
				CODE_SIGN_STYLE = Automatic;
				DEVELOPMENT_TEAM = QK48V24G7M;
				INFOPLIST_FILE = beertabUITests/Info.plist;
				LD_RUNPATH_SEARCH_PATHS = (
					"$(inherited)",
					"@executable_path/Frameworks",
					"@loader_path/Frameworks",
				);
				PRODUCT_BUNDLE_IDENTIFIER = com.neilens.beertabUITests;
				PRODUCT_NAME = "$(TARGET_NAME)";
				SWIFT_VERSION = 5.0;
				TARGETED_DEVICE_FAMILY = "1,2";
				TEST_TARGET_NAME = beertab;
			};
			name = Debug;
		};
		FB7787CB2529FA910088410B /* Release */ = {
			isa = XCBuildConfiguration;
			buildSettings = {
				ALWAYS_EMBED_SWIFT_STANDARD_LIBRARIES = YES;
				CODE_SIGN_STYLE = Automatic;
				DEVELOPMENT_TEAM = QK48V24G7M;
				INFOPLIST_FILE = beertabUITests/Info.plist;
				LD_RUNPATH_SEARCH_PATHS = (
					"$(inherited)",
					"@executable_path/Frameworks",
					"@loader_path/Frameworks",
				);
				PRODUCT_BUNDLE_IDENTIFIER = com.neilens.beertabUITests;
				PRODUCT_NAME = "$(TARGET_NAME)";
				SWIFT_VERSION = 5.0;
				TARGETED_DEVICE_FAMILY = "1,2";
				TEST_TARGET_NAME = beertab;
			};
			name = Release;
		};
/* End XCBuildConfiguration section */

/* Begin XCConfigurationList section */
		FB7787942529FA900088410B /* Build configuration list for PBXProject "beertab" */ = {
			isa = XCConfigurationList;
			buildConfigurations = (
				FB7787C12529FA910088410B /* Debug */,
				FB7787C22529FA910088410B /* Release */,
			);
			defaultConfigurationIsVisible = 0;
			defaultConfigurationName = Release;
		};
		FB7787C32529FA910088410B /* Build configuration list for PBXNativeTarget "beertab" */ = {
			isa = XCConfigurationList;
			buildConfigurations = (
				FB7787C42529FA910088410B /* Debug */,
				FB7787C52529FA910088410B /* Release */,
			);
			defaultConfigurationIsVisible = 0;
			defaultConfigurationName = Release;
		};
		FB7787C62529FA910088410B /* Build configuration list for PBXNativeTarget "beertabTests" */ = {
			isa = XCConfigurationList;
			buildConfigurations = (
				FB7787C72529FA910088410B /* Debug */,
				FB7787C82529FA910088410B /* Release */,
			);
			defaultConfigurationIsVisible = 0;
			defaultConfigurationName = Release;
		};
		FB7787C92529FA910088410B /* Build configuration list for PBXNativeTarget "beertabUITests" */ = {
			isa = XCConfigurationList;
			buildConfigurations = (
				FB7787CA2529FA910088410B /* Debug */,
				FB7787CB2529FA910088410B /* Release */,
			);
			defaultConfigurationIsVisible = 0;
			defaultConfigurationName = Release;
		};
/* End XCConfigurationList section */
	};
	rootObject = FB7787912529FA900088410B /* Project object */;
}
