// !$*UTF8*$!
{
	archiveVersion = 1;
	classes = {
	};
	objectVersion = 50;
	objects = {

/* Begin PBXBuildFile section */
		FB77879D2529FA900088410B /* AppDelegate.swift in Sources */ = {isa = PBXBuildFile; fileRef = FB77879C2529FA900088410B /* AppDelegate.swift */; };
		FB77879F2529FA900088410B /* SceneDelegate.swift in Sources */ = {isa = PBXBuildFile; fileRef = FB77879E2529FA900088410B /* SceneDelegate.swift */; };
		FB7787A12529FA900088410B /* ViewController.swift in Sources */ = {isa = PBXBuildFile; fileRef = FB7787A02529FA900088410B /* ViewController.swift */; };
		FB7787A42529FA900088410B /* Main.storyboard in Resources */ = {isa = PBXBuildFile; fileRef = FB7787A22529FA900088410B /* Main.storyboard */; };
		FB7787A62529FA900088410B /* Assets.xcassets in Resources */ = {isa = PBXBuildFile; fileRef = FB7787A52529FA900088410B /* Assets.xcassets */; };
		FB7787A92529FA900088410B /* LaunchScreen.storyboard in Resources */ = {isa = PBXBuildFile; fileRef = FB7787A72529FA900088410B /* LaunchScreen.storyboard */; };
		FB7787B42529FA910088410B /* beertabTests.swift in Sources */ = {isa = PBXBuildFile; fileRef = FB7787B32529FA910088410B /* beertabTests.swift */; };
		FB7787BF2529FA910088410B /* beertabUITests.swift in Sources */ = {isa = PBXBuildFile; fileRef = FB7787BE2529FA910088410B /* beertabUITests.swift */; };
		FB7787D62529FB2F0088410B /* Tab.swift in Sources */ = {isa = PBXBuildFile; fileRef = FB7787D52529FB2F0088410B /* Tab.swift */; };
		FB7787DF252A2BF90088410B /* History.swift in Sources */ = {isa = PBXBuildFile; fileRef = FB7787DE252A2BF90088410B /* History.swift */; };
		FB7787E4252A2C0A0088410B /* TabItem.swift in Sources */ = {isa = PBXBuildFile; fileRef = FB7787E3252A2C0A0088410B /* TabItem.swift */; };
		FB7787ED252A314E0088410B /* AbstractTableViewController.swift in Sources */ = {isa = PBXBuildFile; fileRef = FB7787EC252A314E0088410B /* AbstractTableViewController.swift */; };
		FB7787F2252A32320088410B /* AbstractViewController.swift in Sources */ = {isa = PBXBuildFile; fileRef = FB7787F1252A32320088410B /* AbstractViewController.swift */; };
		FB7787F7252A34990088410B /* HistoryTableViewController.swift in Sources */ = {isa = PBXBuildFile; fileRef = FB7787F6252A34990088410B /* HistoryTableViewController.swift */; };
		FB7787FF252A3F7E0088410B /* TabViewController.swift in Sources */ = {isa = PBXBuildFile; fileRef = FB7787FE252A3F7E0088410B /* TabViewController.swift */; };
		FB77880A252A43B40088410B /* TabItemsTableViewController.swift in Sources */ = {isa = PBXBuildFile; fileRef = FB778809252A43B40088410B /* TabItemsTableViewController.swift */; };
		FB778812252B949B0088410B /* TabItemAddViewController.swift in Sources */ = {isa = PBXBuildFile; fileRef = FB778811252B949B0088410B /* TabItemAddViewController.swift */; };
		FB77881A252BBFBC0088410B /* TabItemTableViewCell.swift in Sources */ = {isa = PBXBuildFile; fileRef = FB778819252BBFBC0088410B /* TabItemTableViewCell.swift */; };
		FB778822252CEB740088410B /* Tab2TableViewCell.swift in Sources */ = {isa = PBXBuildFile; fileRef = FB778821252CEB740088410B /* Tab2TableViewCell.swift */; };
		FB77882A252CEFFC0088410B /* Tab1TableViewCell.swift in Sources */ = {isa = PBXBuildFile; fileRef = FB778829252CEFFC0088410B /* Tab1TableViewCell.swift */; };
		FB778832252CF4120088410B /* UId.swift in Sources */ = {isa = PBXBuildFile; fileRef = FB778831252CF4120088410B /* UId.swift */; };
		FB778837252D0F520088410B /* HistoryArchive.swift in Sources */ = {isa = PBXBuildFile; fileRef = FB778836252D0F520088410B /* HistoryArchive.swift */; };
		FB77883F252DDBCE0088410B /* TabItemUpdateViewController.swift in Sources */ = {isa = PBXBuildFile; fileRef = FB77883E252DDBCE0088410B /* TabItemUpdateViewController.swift */; };
/* End PBXBuildFile section */

/* Begin PBXContainerItemProxy section */
		FB7787B02529FA900088410B /* PBXContainerItemProxy */ = {
			isa = PBXContainerItemProxy;
			containerPortal = FB7787912529FA900088410B /* Project object */;
			proxyType = 1;
			remoteGlobalIDString = FB7787982529FA900088410B;
			remoteInfo = beertab;
		};
		FB7787BB2529FA910088410B /* PBXContainerItemProxy */ = {
			isa = PBXContainerItemProxy;
			containerPortal = FB7787912529FA900088410B /* Project object */;
			proxyType = 1;
			remoteGlobalIDString = FB7787982529FA900088410B;
			remoteInfo = beertab;
		};
/* End PBXContainerItemProxy section */

/* Begin PBXFileReference section */
		FB7787992529FA900088410B /* beertab.app */ = {isa = PBXFileReference; explicitFileType = wrapper.application; includeInIndex = 0; path = beertab.app; sourceTree = BUILT_PRODUCTS_DIR; };
		FB77879C2529FA900088410B /* AppDelegate.swift */ = {isa = PBXFileReference; lastKnownFileType = sourcecode.swift; path = AppDelegate.swift; sourceTree = "<group>"; };
		FB77879E2529FA900088410B /* SceneDelegate.swift */ = {isa = PBXFileReference; lastKnownFileType = sourcecode.swift; path = SceneDelegate.swift; sourceTree = "<group>"; };
		FB7787A02529FA900088410B /* ViewController.swift */ = {isa = PBXFileReference; lastKnownFileType = sourcecode.swift; path = ViewController.swift; sourceTree = "<group>"; };
		FB7787A32529FA900088410B /* Base */ = {isa = PBXFileReference; lastKnownFileType = file.storyboard; name = Base; path = Base.lproj/Main.storyboard; sourceTree = "<group>"; };
		FB7787A52529FA900088410B /* Assets.xcassets */ = {isa = PBXFileReference; lastKnownFileType = folder.assetcatalog; path = Assets.xcassets; sourceTree = "<group>"; };
		FB7787A82529FA900088410B /* Base */ = {isa = PBXFileReference; lastKnownFileType = file.storyboard; name = Base; path = Base.lproj/LaunchScreen.storyboard; sourceTree = "<group>"; };
		FB7787AA2529FA900088410B /* Info.plist */ = {isa = PBXFileReference; lastKnownFileType = text.plist.xml; path = Info.plist; sourceTree = "<group>"; };
		FB7787AF2529FA900088410B /* beertabTests.xctest */ = {isa = PBXFileReference; explicitFileType = wrapper.cfbundle; includeInIndex = 0; path = beertabTests.xctest; sourceTree = BUILT_PRODUCTS_DIR; };
		FB7787B32529FA910088410B /* beertabTests.swift */ = {isa = PBXFileReference; lastKnownFileType = sourcecode.swift; path = beertabTests.swift; sourceTree = "<group>"; };
		FB7787B52529FA910088410B /* Info.plist */ = {isa = PBXFileReference; lastKnownFileType = text.plist.xml; path = Info.plist; sourceTree = "<group>"; };
		FB7787BA2529FA910088410B /* beertabUITests.xctest */ = {isa = PBXFileReference; explicitFileType = wrapper.cfbundle; includeInIndex = 0; path = beertabUITests.xctest; sourceTree = BUILT_PRODUCTS_DIR; };
		FB7787BE2529FA910088410B /* beertabUITests.swift */ = {isa = PBXFileReference; lastKnownFileType = sourcecode.swift; path = beertabUITests.swift; sourceTree = "<group>"; };
		FB7787C02529FA910088410B /* Info.plist */ = {isa = PBXFileReference; lastKnownFileType = text.plist.xml; path = Info.plist; sourceTree = "<group>"; };
		FB7787D52529FB2F0088410B /* Tab.swift */ = {isa = PBXFileReference; lastKnownFileType = sourcecode.swift; path = Tab.swift; sourceTree = "<group>"; };
		FB7787DE252A2BF90088410B /* History.swift */ = {isa = PBXFileReference; lastKnownFileType = sourcecode.swift; path = History.swift; sourceTree = "<group>"; };
		FB7787E3252A2C0A0088410B /* TabItem.swift */ = {isa = PBXFileReference; lastKnownFileType = sourcecode.swift; path = TabItem.swift; sourceTree = "<group>"; };
		FB7787EC252A314E0088410B /* AbstractTableViewController.swift */ = {isa = PBXFileReference; lastKnownFileType = sourcecode.swift; path = AbstractTableViewController.swift; sourceTree = "<group>"; };
		FB7787F1252A32320088410B /* AbstractViewController.swift */ = {isa = PBXFileReference; lastKnownFileType = sourcecode.swift; path = AbstractViewController.swift; sourceTree = "<group>"; };
		FB7787F6252A34990088410B /* HistoryTableViewController.swift */ = {isa = PBXFileReference; lastKnownFileType = sourcecode.swift; path = HistoryTableViewController.swift; sourceTree = "<group>"; };
		FB7787FE252A3F7E0088410B /* TabViewController.swift */ = {isa = PBXFileReference; lastKnownFileType = sourcecode.swift; path = TabViewController.swift; sourceTree = "<group>"; };
		FB778809252A43B40088410B /* TabItemsTableViewController.swift */ = {isa = PBXFileReference; lastKnownFileType = sourcecode.swift; path = TabItemsTableViewController.swift; sourceTree = "<group>"; };
		FB778811252B949B0088410B /* TabItemAddViewController.swift */ = {isa = PBXFileReference; lastKnownFileType = sourcecode.swift; path = TabItemAddViewController.swift; sourceTree = "<group>"; };
		FB778819252BBFBC0088410B /* TabItemTableViewCell.swift */ = {isa = PBXFileReference; lastKnownFileType = sourcecode.swift; path = TabItemTableViewCell.swift; sourceTree = "<group>"; };
		FB778821252CEB740088410B /* Tab2TableViewCell.swift */ = {isa = PBXFileReference; lastKnownFileType = sourcecode.swift; path = Tab2TableViewCell.swift; sourceTree = "<group>"; };
		FB778829252CEFFC0088410B /* Tab1TableViewCell.swift */ = {isa = PBXFileReference; lastKnownFileType = sourcecode.swift; path = Tab1TableViewCell.swift; sourceTree = "<group>"; };
		FB778831252CF4120088410B /* UId.swift */ = {isa = PBXFileReference; lastKnownFileType = sourcecode.swift; path = UId.swift; sourceTree = "<group>"; };
		FB778836252D0F520088410B /* HistoryArchive.swift */ = {isa = PBXFileReference; lastKnownFileType = sourcecode.swift; path = HistoryArchive.swift; sourceTree = "<group>"; };
		FB77883E252DDBCE0088410B /* TabItemUpdateViewController.swift */ = {isa = PBXFileReference; lastKnownFileType = sourcecode.swift; path = TabItemUpdateViewController.swift; sourceTree = "<group>"; };
/* End PBXFileReference section */

/* Begin PBXFrameworksBuildPhase section */
		FB7787962529FA900088410B /* Frameworks */ = {
			isa = PBXFrameworksBuildPhase;
			buildActionMask = 2147483647;
			files = (
			);
			runOnlyForDeploymentPostprocessing = 0;
		};
		FB7787AC2529FA900088410B /* Frameworks */ = {
			isa = PBXFrameworksBuildPhase;
			buildActionMask = 2147483647;
			files = (
			);
			runOnlyForDeploymentPostprocessing = 0;
		};
		FB7787B72529FA910088410B /* Frameworks */ = {
			isa = PBXFrameworksBuildPhase;
			buildActionMask = 2147483647;
			files = (
			);
			runOnlyForDeploymentPostprocessing = 0;
		};
/* End PBXFrameworksBuildPhase section */

/* Begin PBXGroup section */
		FB7787902529FA900088410B = {
			isa = PBXGroup;
			children = (
				FB77879B2529FA900088410B /* beertab */,
				FB7787B22529FA910088410B /* beertabTests */,
				FB7787BD2529FA910088410B /* beertabUITests */,
				FB77879A2529FA900088410B /* Products */,
			);
			sourceTree = "<group>";
		};
		FB77879A2529FA900088410B /* Products */ = {
			isa = PBXGroup;
			children = (
				FB7787992529FA900088410B /* beertab.app */,
				FB7787AF2529FA900088410B /* beertabTests.xctest */,
				FB7787BA2529FA910088410B /* beertabUITests.xctest */,
			);
			name = Products;
			sourceTree = "<group>";
		};
		FB77879B2529FA900088410B /* beertab */ = {
			isa = PBXGroup;
			children = (
				FB77879C2529FA900088410B /* AppDelegate.swift */,
				FB7787EC252A314E0088410B /* AbstractTableViewController.swift */,
				FB7787F1252A32320088410B /* AbstractViewController.swift */,
				FB77879E2529FA900088410B /* SceneDelegate.swift */,
				FB7787A02529FA900088410B /* ViewController.swift */,
				FB7787A52529FA900088410B /* Assets.xcassets */,
				FB7787A72529FA900088410B /* LaunchScreen.storyboard */,
				FB7787AA2529FA900088410B /* Info.plist */,
				FB7787DE252A2BF90088410B /* History.swift */,
				FB7787D52529FB2F0088410B /* Tab.swift */,
				FB7787E3252A2C0A0088410B /* TabItem.swift */,
				FB7787F6252A34990088410B /* HistoryTableViewController.swift */,
				FB778821252CEB740088410B /* Tab2TableViewCell.swift */,
				FB778829252CEFFC0088410B /* Tab1TableViewCell.swift */,
				FB7787FE252A3F7E0088410B /* TabViewController.swift */,
				FB778809252A43B40088410B /* TabItemsTableViewController.swift */,
				FB778819252BBFBC0088410B /* TabItemTableViewCell.swift */,
				FB778811252B949B0088410B /* TabItemAddViewController.swift */,
				FB77883E252DDBCE0088410B /* TabItemUpdateViewController.swift */,
				FB7787A22529FA900088410B /* Main.storyboard */,
				FB778831252CF4120088410B /* UId.swift */,
				FB778836252D0F520088410B /* HistoryArchive.swift */,
			);
			path = beertab;
			sourceTree = "<group>";
		};
		FB7787B22529FA910088410B /* beertabTests */ = {
			isa = PBXGroup;
			children = (
				FB7787B32529FA910088410B /* beertabTests.swift */,
				FB7787B52529FA910088410B /* Info.plist */,
			);
			path = beertabTests;
			sourceTree = "<group>";
		};
		FB7787BD2529FA910088410B /* beertabUITests */ = {
			isa = PBXGroup;
			children = (
				FB7787BE2529FA910088410B /* beertabUITests.swift */,
				FB7787C02529FA910088410B /* Info.plist */,
			);
			path = beertabUITests;
			sourceTree = "<group>";
		};
/* End PBXGroup section */

/* Begin PBXNativeTarget section */
		FB7787982529FA900088410B /* beertab */ = {
			isa = PBXNativeTarget;
			buildConfigurationList = FB7787C32529FA910088410B /* Build configuration list for PBXNativeTarget "beertab" */;
			buildPhases = (
				FB7787952529FA900088410B /* Sources */,
				FB7787962529FA900088410B /* Frameworks */,
				FB7787972529FA900088410B /* Resources */,
			);
			buildRules = (
			);
			dependencies = (
			);
			name = beertab;
			productName = beertab;
			productReference = FB7787992529FA900088410B /* beertab.app */;
			productType = "com.apple.product-type.application";
		};
		FB7787AE2529FA900088410B /* beertabTests */ = {
			isa = PBXNativeTarget;
			buildConfigurationList = FB7787C62529FA910088410B /* Build configuration list for PBXNativeTarget "beertabTests" */;
			buildPhases = (
				FB7787AB2529FA900088410B /* Sources */,
				FB7787AC2529FA900088410B /* Frameworks */,
				FB7787AD2529FA900088410B /* Resources */,
			);
			buildRules = (
			);
			dependencies = (
				FB7787B12529FA900088410B /* PBXTargetDependency */,
			);
			name = beertabTests;
			productName = beertabTests;
			productReference = FB7787AF2529FA900088410B /* beertabTests.xctest */;
			productType = "com.apple.product-type.bundle.unit-test";
		};
		FB7787B92529FA910088410B /* beertabUITests */ = {
			isa = PBXNativeTarget;
			buildConfigurationList = FB7787C92529FA910088410B /* Build configuration list for PBXNativeTarget "beertabUITests" */;
			buildPhases = (
				FB7787B62529FA910088410B /* Sources */,
				FB7787B72529FA910088410B /* Frameworks */,
				FB7787B82529FA910088410B /* Resources */,
			);
			buildRules = (
			);
			dependencies = (
				FB7787BC2529FA910088410B /* PBXTargetDependency */,
			);
			name = beertabUITests;
			productName = beertabUITests;
			productReference = FB7787BA2529FA910088410B /* beertabUITests.xctest */;
			productType = "com.apple.product-type.bundle.ui-testing";
		};
/* End PBXNativeTarget section */

/* Begin PBXProject section */
		FB7787912529FA900088410B /* Project object */ = {
			isa = PBXProject;
			attributes = {
				LastSwiftUpdateCheck = 1200;
				LastUpgradeCheck = 1200;
				TargetAttributes = {
					FB7787982529FA900088410B = {
						CreatedOnToolsVersion = 12.0.1;
					};
					FB7787AE2529FA900088410B = {
						CreatedOnToolsVersion = 12.0.1;
						TestTargetID = FB7787982529FA900088410B;
					};
					FB7787B92529FA910088410B = {
						CreatedOnToolsVersion = 12.0.1;
						TestTargetID = FB7787982529FA900088410B;
					};
				};
			};
			buildConfigurationList = FB7787942529FA900088410B /* Build configuration list for PBXProject "beertab" */;
			compatibilityVersion = "Xcode 9.3";
			developmentRegion = en;
			hasScannedForEncodings = 0;
			knownRegions = (
				en,
				Base,
			);
			mainGroup = FB7787902529FA900088410B;
			productRefGroup = FB77879A2529FA900088410B /* Products */;
			projectDirPath = "";
			projectRoot = "";
			targets = (
				FB7787982529FA900088410B /* beertab */,
				FB7787AE2529FA900088410B /* beertabTests */,
				FB7787B92529FA910088410B /* beertabUITests */,
			);
		};
/* End PBXProject section */

/* Begin PBXResourcesBuildPhase section */
		FB7787972529FA900088410B /* Resources */ = {
			isa = PBXResourcesBuildPhase;
			buildActionMask = 2147483647;
			files = (
				FB7787A92529FA900088410B /* LaunchScreen.storyboard in Resources */,
				FB7787A62529FA900088410B /* Assets.xcassets in Resources */,
				FB7787A42529FA900088410B /* Main.storyboard in Resources */,
			);
			runOnlyForDeploymentPostprocessing = 0;
		};
		FB7787AD2529FA900088410B /* Resources */ = {
			isa = PBXResourcesBuildPhase;
			buildActionMask = 2147483647;
			files = (
			);
			runOnlyForDeploymentPostprocessing = 0;
		};
		FB7787B82529FA910088410B /* Resources */ = {
			isa = PBXResourcesBuildPhase;
			buildActionMask = 2147483647;
			files = (
			);
			runOnlyForDeploymentPostprocessing = 0;
		};
/* End PBXResourcesBuildPhase section */

/* Begin PBXSourcesBuildPhase section */
		FB7787952529FA900088410B /* Sources */ = {
			isa = PBXSourcesBuildPhase;
			buildActionMask = 2147483647;
			files = (
				FB7787A12529FA900088410B /* ViewController.swift in Sources */,
				FB77879D2529FA900088410B /* AppDelegate.swift in Sources */,
				FB7787F2252A32320088410B /* AbstractViewController.swift in Sources */,
				FB778837252D0F520088410B /* HistoryArchive.swift in Sources */,
				FB778812252B949B0088410B /* TabItemAddViewController.swift in Sources */,
				FB7787ED252A314E0088410B /* AbstractTableViewController.swift in Sources */,
				FB7787E4252A2C0A0088410B /* TabItem.swift in Sources */,
				FB778832252CF4120088410B /* UId.swift in Sources */,
				FB77883F252DDBCE0088410B /* TabItemUpdateViewController.swift in Sources */,
				FB7787F7252A34990088410B /* HistoryTableViewController.swift in Sources */,
				FB778822252CEB740088410B /* Tab2TableViewCell.swift in Sources */,
				FB77879F2529FA900088410B /* SceneDelegate.swift in Sources */,
				FB7787D62529FB2F0088410B /* Tab.swift in Sources */,
				FB77880A252A43B40088410B /* TabItemsTableViewController.swift in Sources */,
				FB7787FF252A3F7E0088410B /* TabViewController.swift in Sources */,
				FB77881A252BBFBC0088410B /* TabItemTableViewCell.swift in Sources */,
				FB77882A252CEFFC0088410B /* Tab1TableViewCell.swift in Sources */,
				FB7787DF252A2BF90088410B /* History.swift in Sources */,
			);
			runOnlyForDeploymentPostprocessing = 0;
		};
		FB7787AB2529FA900088410B /* Sources */ = {
			isa = PBXSourcesBuildPhase;
			buildActionMask = 2147483647;
			files = (
				FB7787B42529FA910088410B /* beertabTests.swift in Sources */,
			);
			runOnlyForDeploymentPostprocessing = 0;
		};
		FB7787B62529FA910088410B /* Sources */ = {
			isa = PBXSourcesBuildPhase;
			buildActionMask = 2147483647;
			files = (
				FB7787BF2529FA910088410B /* beertabUITests.swift in Sources */,
			);
			runOnlyForDeploymentPostprocessing = 0;
		};
/* End PBXSourcesBuildPhase section */

/* Begin PBXTargetDependency section */
		FB7787B12529FA900088410B /* PBXTargetDependency */ = {
			isa = PBXTargetDependency;
			target = FB7787982529FA900088410B /* beertab */;
			targetProxy = FB7787B02529FA900088410B /* PBXContainerItemProxy */;
		};
		FB7787BC2529FA910088410B /* PBXTargetDependency */ = {
			isa = PBXTargetDependency;
			target = FB7787982529FA900088410B /* beertab */;
			targetProxy = FB7787BB2529FA910088410B /* PBXContainerItemProxy */;
		};
/* End PBXTargetDependency section */

/* Begin PBXVariantGroup section */
		FB7787A22529FA900088410B /* Main.storyboard */ = {
			isa = PBXVariantGroup;
			children = (
				FB7787A32529FA900088410B /* Base */,
			);
			name = Main.storyboard;
			sourceTree = "<group>";
		};
		FB7787A72529FA900088410B /* LaunchScreen.storyboard */ = {
			isa = PBXVariantGroup;
			children = (
				FB7787A82529FA900088410B /* Base */,
			);
			name = LaunchScreen.storyboard;
			sourceTree = "<group>";
		};
/* End PBXVariantGroup section */

/* Begin XCBuildConfiguration section */
		FB7787C12529FA910088410B /* Debug */ = {
			isa = XCBuildConfiguration;
			buildSettings = {
				ALWAYS_SEARCH_USER_PATHS = NO;
				CLANG_ANALYZER_NONNULL = YES;
				CLANG_ANALYZER_NUMBER_OBJECT_CONVERSION = YES_AGGRESSIVE;
				CLANG_CXX_LANGUAGE_STANDARD = "gnu++14";
				CLANG_CXX_LIBRARY = "libc++";
				CLANG_ENABLE_MODULES = YES;
				CLANG_ENABLE_OBJC_ARC = YES;
				CLANG_ENABLE_OBJC_WEAK = YES;
				CLANG_WARN_BLOCK_CAPTURE_AUTORELEASING = YES;
				CLANG_WARN_BOOL_CONVERSION = YES;
				CLANG_WARN_COMMA = YES;
				CLANG_WARN_CONSTANT_CONVERSION = YES;
				CLANG_WARN_DEPRECATED_OBJC_IMPLEMENTATIONS = YES;
				CLANG_WARN_DIRECT_OBJC_ISA_USAGE = YES_ERROR;
				CLANG_WARN_DOCUMENTATION_COMMENTS = YES;
				CLANG_WARN_EMPTY_BODY = YES;
				CLANG_WARN_ENUM_CONVERSION = YES;
				CLANG_WARN_INFINITE_RECURSION = YES;
				CLANG_WARN_INT_CONVERSION = YES;
				CLANG_WARN_NON_LITERAL_NULL_CONVERSION = YES;
				CLANG_WARN_OBJC_IMPLICIT_RETAIN_SELF = YES;
				CLANG_WARN_OBJC_LITERAL_CONVERSION = YES;
				CLANG_WARN_OBJC_ROOT_CLASS = YES_ERROR;
				CLANG_WARN_QUOTED_INCLUDE_IN_FRAMEWORK_HEADER = YES;
				CLANG_WARN_RANGE_LOOP_ANALYSIS = YES;
				CLANG_WARN_STRICT_PROTOTYPES = YES;
				CLANG_WARN_SUSPICIOUS_MOVE = YES;
				CLANG_WARN_UNGUARDED_AVAILABILITY = YES_AGGRESSIVE;
				CLANG_WARN_UNREACHABLE_CODE = YES;
				CLANG_WARN__DUPLICATE_METHOD_MATCH = YES;
				COPY_PHASE_STRIP = NO;
				DEBUG_INFORMATION_FORMAT = dwarf;
				ENABLE_STRICT_OBJC_MSGSEND = YES;
				ENABLE_TESTABILITY = YES;
				GCC_C_LANGUAGE_STANDARD = gnu11;
				GCC_DYNAMIC_NO_PIC = NO;
				GCC_NO_COMMON_BLOCKS = YES;
				GCC_OPTIMIZATION_LEVEL = 0;
				GCC_PREPROCESSOR_DEFINITIONS = (
					"DEBUG=1",
					"$(inherited)",
				);
				GCC_WARN_64_TO_32_BIT_CONVERSION = YES;
				GCC_WARN_ABOUT_RETURN_TYPE = YES_ERROR;
				GCC_WARN_UNDECLARED_SELECTOR = YES;
				GCC_WARN_UNINITIALIZED_AUTOS = YES_AGGRESSIVE;
				GCC_WARN_UNUSED_FUNCTION = YES;
				GCC_WARN_UNUSED_VARIABLE = YES;
				IPHONEOS_DEPLOYMENT_TARGET = 14.0;
				MTL_ENABLE_DEBUG_INFO = INCLUDE_SOURCE;
				MTL_FAST_MATH = YES;
				ONLY_ACTIVE_ARCH = YES;
				SDKROOT = iphoneos;
				SWIFT_ACTIVE_COMPILATION_CONDITIONS = DEBUG;
				SWIFT_OPTIMIZATION_LEVEL = "-Onone";
			};
			name = Debug;
		};
		FB7787C22529FA910088410B /* Release */ = {
			isa = XCBuildConfiguration;
			buildSettings = {
				ALWAYS_SEARCH_USER_PATHS = NO;
				CLANG_ANALYZER_NONNULL = YES;
				CLANG_ANALYZER_NUMBER_OBJECT_CONVERSION = YES_AGGRESSIVE;
				CLANG_CXX_LANGUAGE_STANDARD = "gnu++14";
				CLANG_CXX_LIBRARY = "libc++";
				CLANG_ENABLE_MODULES = YES;
				CLANG_ENABLE_OBJC_ARC = YES;
				CLANG_ENABLE_OBJC_WEAK = YES;
				CLANG_WARN_BLOCK_CAPTURE_AUTORELEASING = YES;
				CLANG_WARN_BOOL_CONVERSION = YES;
				CLANG_WARN_COMMA = YES;
				CLANG_WARN_CONSTANT_CONVERSION = YES;
				CLANG_WARN_DEPRECATED_OBJC_IMPLEMENTATIONS = YES;
				CLANG_WARN_DIRECT_OBJC_ISA_USAGE = YES_ERROR;
				CLANG_WARN_DOCUMENTATION_COMMENTS = YES;
				CLANG_WARN_EMPTY_BODY = YES;
				CLANG_WARN_ENUM_CONVERSION = YES;
				CLANG_WARN_INFINITE_RECURSION = YES;
				CLANG_WARN_INT_CONVERSION = YES;
				CLANG_WARN_NON_LITERAL_NULL_CONVERSION = YES;
				CLANG_WARN_OBJC_IMPLICIT_RETAIN_SELF = YES;
				CLANG_WARN_OBJC_LITERAL_CONVERSION = YES;
				CLANG_WARN_OBJC_ROOT_CLASS = YES_ERROR;
				CLANG_WARN_QUOTED_INCLUDE_IN_FRAMEWORK_HEADER = YES;
				CLANG_WARN_RANGE_LOOP_ANALYSIS = YES;
				CLANG_WARN_STRICT_PROTOTYPES = YES;
				CLANG_WARN_SUSPICIOUS_MOVE = YES;
				CLANG_WARN_UNGUARDED_AVAILABILITY = YES_AGGRESSIVE;
				CLANG_WARN_UNREACHABLE_CODE = YES;
				CLANG_WARN__DUPLICATE_METHOD_MATCH = YES;
				COPY_PHASE_STRIP = NO;
				DEBUG_INFORMATION_FORMAT = "dwarf-with-dsym";
				ENABLE_NS_ASSERTIONS = NO;
				ENABLE_STRICT_OBJC_MSGSEND = YES;
				GCC_C_LANGUAGE_STANDARD = gnu11;
				GCC_NO_COMMON_BLOCKS = YES;
				GCC_WARN_64_TO_32_BIT_CONVERSION = YES;
				GCC_WARN_ABOUT_RETURN_TYPE = YES_ERROR;
				GCC_WARN_UNDECLARED_SELECTOR = YES;
				GCC_WARN_UNINITIALIZED_AUTOS = YES_AGGRESSIVE;
				GCC_WARN_UNUSED_FUNCTION = YES;
				GCC_WARN_UNUSED_VARIABLE = YES;
				IPHONEOS_DEPLOYMENT_TARGET = 14.0;
				MTL_ENABLE_DEBUG_INFO = NO;
				MTL_FAST_MATH = YES;
				SDKROOT = iphoneos;
				SWIFT_COMPILATION_MODE = wholemodule;
				SWIFT_OPTIMIZATION_LEVEL = "-O";
				VALIDATE_PRODUCT = YES;
			};
			name = Release;
		};
		FB7787C42529FA910088410B /* Debug */ = {
			isa = XCBuildConfiguration;
			buildSettings = {
				ASSETCATALOG_COMPILER_APPICON_NAME = AppIcon;
				ASSETCATALOG_COMPILER_GLOBAL_ACCENT_COLOR_NAME = AccentColor;
				CODE_SIGN_STYLE = Automatic;
				DEVELOPMENT_TEAM = QK48V24G7M;
				INFOPLIST_FILE = beertab/Info.plist;
				IPHONEOS_DEPLOYMENT_TARGET = 13.0;
				LD_RUNPATH_SEARCH_PATHS = (
					"$(inherited)",
					"@executable_path/Frameworks",
				);
				PRODUCT_BUNDLE_IDENTIFIER = com.neilens.beertab;
				PRODUCT_NAME = "$(TARGET_NAME)";
				SWIFT_VERSION = 5.0;
				TARGETED_DEVICE_FAMILY = "1,2";
			};
			name = Debug;
		};
		FB7787C52529FA910088410B /* Release */ = {
			isa = XCBuildConfiguration;
			buildSettings = {
				ASSETCATALOG_COMPILER_APPICON_NAME = AppIcon;
				ASSETCATALOG_COMPILER_GLOBAL_ACCENT_COLOR_NAME = AccentColor;
				CODE_SIGN_STYLE = Automatic;
				DEVELOPMENT_TEAM = QK48V24G7M;
				INFOPLIST_FILE = beertab/Info.plist;
				IPHONEOS_DEPLOYMENT_TARGET = 13.0;
				LD_RUNPATH_SEARCH_PATHS = (
					"$(inherited)",
					"@executable_path/Frameworks",
				);
				PRODUCT_BUNDLE_IDENTIFIER = com.neilens.beertab;
				PRODUCT_NAME = "$(TARGET_NAME)";
				SWIFT_VERSION = 5.0;
				TARGETED_DEVICE_FAMILY = "1,2";
			};
			name = Release;
		};
		FB7787C72529FA910088410B /* Debug */ = {
			isa = XCBuildConfiguration;
			buildSettings = {
				ALWAYS_EMBED_SWIFT_STANDARD_LIBRARIES = YES;
				BUNDLE_LOADER = "$(TEST_HOST)";
				CODE_SIGN_STYLE = Automatic;
				DEVELOPMENT_TEAM = QK48V24G7M;
				INFOPLIST_FILE = beertabTests/Info.plist;
				IPHONEOS_DEPLOYMENT_TARGET = 14.0;
				LD_RUNPATH_SEARCH_PATHS = (
					"$(inherited)",
					"@executable_path/Frameworks",
					"@loader_path/Frameworks",
				);
				PRODUCT_BUNDLE_IDENTIFIER = com.neilens.beertabTests;
				PRODUCT_NAME = "$(TARGET_NAME)";
				SWIFT_VERSION = 5.0;
				TARGETED_DEVICE_FAMILY = "1,2";
				TEST_HOST = "$(BUILT_PRODUCTS_DIR)/beertab.app/beertab";
			};
			name = Debug;
		};
		FB7787C82529FA910088410B /* Release */ = {
			isa = XCBuildConfiguration;
			buildSettings = {
				ALWAYS_EMBED_SWIFT_STANDARD_LIBRARIES = YES;
				BUNDLE_LOADER = "$(TEST_HOST)";
				CODE_SIGN_STYLE = Automatic;
				DEVELOPMENT_TEAM = QK48V24G7M;
				INFOPLIST_FILE = beertabTests/Info.plist;
				IPHONEOS_DEPLOYMENT_TARGET = 14.0;
				LD_RUNPATH_SEARCH_PATHS = (
					"$(inherited)",
					"@executable_path/Frameworks",
					"@loader_path/Frameworks",
				);
				PRODUCT_BUNDLE_IDENTIFIER = com.neilens.beertabTests;
				PRODUCT_NAME = "$(TARGET_NAME)";
				SWIFT_VERSION = 5.0;
				TARGETED_DEVICE_FAMILY = "1,2";
				TEST_HOST = "$(BUILT_PRODUCTS_DIR)/beertab.app/beertab";
			};
			name = Release;
		};
		FB7787CA2529FA910088410B /* Debug */ = {
			isa = XCBuildConfiguration;
			buildSettings = {
				ALWAYS_EMBED_SWIFT_STANDARD_LIBRARIES = YES;
				CODE_SIGN_STYLE = Automatic;
				DEVELOPMENT_TEAM = QK48V24G7M;
				INFOPLIST_FILE = beertabUITests/Info.plist;
				LD_RUNPATH_SEARCH_PATHS = (
					"$(inherited)",
					"@executable_path/Frameworks",
					"@loader_path/Frameworks",
				);
				PRODUCT_BUNDLE_IDENTIFIER = com.neilens.beertabUITests;
				PRODUCT_NAME = "$(TARGET_NAME)";
				SWIFT_VERSION = 5.0;
				TARGETED_DEVICE_FAMILY = "1,2";
				TEST_TARGET_NAME = beertab;
			};
			name = Debug;
		};
		FB7787CB2529FA910088410B /* Release */ = {
			isa = XCBuildConfiguration;
			buildSettings = {
				ALWAYS_EMBED_SWIFT_STANDARD_LIBRARIES = YES;
				CODE_SIGN_STYLE = Automatic;
				DEVELOPMENT_TEAM = QK48V24G7M;
				INFOPLIST_FILE = beertabUITests/Info.plist;
				LD_RUNPATH_SEARCH_PATHS = (
					"$(inherited)",
					"@executable_path/Frameworks",
					"@loader_path/Frameworks",
				);
				PRODUCT_BUNDLE_IDENTIFIER = com.neilens.beertabUITests;
				PRODUCT_NAME = "$(TARGET_NAME)";
				SWIFT_VERSION = 5.0;
				TARGETED_DEVICE_FAMILY = "1,2";
				TEST_TARGET_NAME = beertab;
			};
			name = Release;
		};
/* End XCBuildConfiguration section */

/* Begin XCConfigurationList section */
		FB7787942529FA900088410B /* Build configuration list for PBXProject "beertab" */ = {
			isa = XCConfigurationList;
			buildConfigurations = (
				FB7787C12529FA910088410B /* Debug */,
				FB7787C22529FA910088410B /* Release */,
			);
			defaultConfigurationIsVisible = 0;
			defaultConfigurationName = Release;
		};
		FB7787C32529FA910088410B /* Build configuration list for PBXNativeTarget "beertab" */ = {
			isa = XCConfigurationList;
			buildConfigurations = (
				FB7787C42529FA910088410B /* Debug */,
				FB7787C52529FA910088410B /* Release */,
			);
			defaultConfigurationIsVisible = 0;
			defaultConfigurationName = Release;
		};
		FB7787C62529FA910088410B /* Build configuration list for PBXNativeTarget "beertabTests" */ = {
			isa = XCConfigurationList;
			buildConfigurations = (
				FB7787C72529FA910088410B /* Debug */,
				FB7787C82529FA910088410B /* Release */,
			);
			defaultConfigurationIsVisible = 0;
			defaultConfigurationName = Release;
		};
		FB7787C92529FA910088410B /* Build configuration list for PBXNativeTarget "beertabUITests" */ = {
			isa = XCConfigurationList;
			buildConfigurations = (
				FB7787CA2529FA910088410B /* Debug */,
				FB7787CB2529FA910088410B /* Release */,
			);
			defaultConfigurationIsVisible = 0;
			defaultConfigurationName = Release;
		};
/* End XCConfigurationList section */
	};
	rootObject = FB7787912529FA900088410B /* Project object */;
}
